// !$*UTF8*$!
{
	archiveVersion = 1;
	classes = {
	};
	objectVersion = 46;
	objects = {
/* Begin PBXBuildFile section */
		0207DA581B56EA530066E2B4 /* Images.xcassets in Resources */ = {isa = PBXBuildFile; fileRef = 0207DA571B56EA530066E2B4 /* Images.xcassets */; };
		1D3623260D0F684500981E51 /* AppDelegate.m in Sources */ = {isa = PBXBuildFile; fileRef = 1D3623250D0F684500981E51 /* AppDelegate.m */; };
		1D60589B0D05DD56006BFB54 /* main.m in Sources */ = {isa = PBXBuildFile; fileRef = 29B97316FDCFA39411CA2CEA /* main.m */; };
		301BF552109A68D80062928A /* libCordova.a in Frameworks */ = {isa = PBXBuildFile; fileRef = 301BF535109A57CC0062928A /* libCordova.a */; };
		302D95F114D2391D003F00A1 /* MainViewController.m in Sources */ = {isa = PBXBuildFile; fileRef = 302D95EF14D2391D003F00A1 /* MainViewController.m */; };
		302D95F214D2391D003F00A1 /* MainViewController.xib in Resources */ = {isa = PBXBuildFile; fileRef = 302D95F014D2391D003F00A1 /* MainViewController.xib */; };
		3047A5121AB8059700498E2A /* build-debug.xcconfig in Resources */ = {isa = PBXBuildFile; fileRef = 3047A50F1AB8059700498E2A /* build-debug.xcconfig */; };
		3047A5131AB8059700498E2A /* build-release.xcconfig in Resources */ = {isa = PBXBuildFile; fileRef = 3047A5101AB8059700498E2A /* build-release.xcconfig */; };
		3047A5141AB8059700498E2A /* build.xcconfig in Resources */ = {isa = PBXBuildFile; fileRef = 3047A5111AB8059700498E2A /* build.xcconfig */; };
		6DC8AFDA435D4B99A162B994 /* CDVLogger.m in Sources */ = {isa = PBXBuildFile; fileRef = 9CF42E031F734AF5A55E1737 /* CDVLogger.m */; };
		7A9976C3294A450F831DA891 /* CDVDevice.m in Sources */ = {isa = PBXBuildFile; fileRef = 2CF6A0F432B947F78DA0C526 /* CDVDevice.m */; };
		A76DA9CD70B44F26A9D8661E /* CDVSplashScreen.m in Sources */ = {isa = PBXBuildFile; fileRef = CB59C692F79B413393334458 /* CDVSplashScreen.m */; };
		C12095BCC23A4FD09322F2CF /* CDVViewController+SplashScreen.m in Sources */ = {isa = PBXBuildFile; fileRef = 04E78F678B1242B9A840CFCE /* CDVViewController+SplashScreen.m */; };
		8CAB4A2444ED469B863536D1 /* CDVFile.m in Sources */ = {isa = PBXBuildFile; fileRef = 359DF8CBAB3E4A3CB63F7CB7 /* CDVFile.m */; };
		1D5F29EDB7324BC4B3D08569 /* CDVLocalFilesystem.m in Sources */ = {isa = PBXBuildFile; fileRef = CEAD48ACE2384F7C8715AEFC /* CDVLocalFilesystem.m */; };
		9A3D1755926D4A79A1BE051A /* CDVAssetLibraryFilesystem.m in Sources */ = {isa = PBXBuildFile; fileRef = 56CAF62F37444D33BE4828E5 /* CDVAssetLibraryFilesystem.m */; };
		AFE000BA823047068CCD3530 /* CDVSound.m in Sources */ = {isa = PBXBuildFile; fileRef = 55EB900FB89A4246B5D044D2 /* CDVSound.m */; };
		96B136700D614512920225E4 /* CDVCapture.m in Sources */ = {isa = PBXBuildFile; fileRef = 7BADAD3A42B94BBE8B2CE1DB /* CDVCapture.m */; };
		A603B3AC319C48F1A3EA9AC9 /* CDVCapture.bundle in Resources */ = {isa = PBXBuildFile; fileRef = 0951E1DC772448E391A79422 /* CDVCapture.bundle */; };
		0477AE4367CC4C13B4786540 /* CDVTestFairy.m in Sources */ = {isa = PBXBuildFile; fileRef = 78F020404915413AAD22936C /* CDVTestFairy.m */; };
		CD821713FA06444BB8A83FD7 /* libTestFairy.a in Frameworks */ = {isa = PBXBuildFile; fileRef = 62F471786BFB4C6B9257530E /* libTestFairy.a */; };
		8C1106B288184410AB42D971 /* CoreMedia.framework in Frameworks */ = {isa = PBXBuildFile; fileRef = CC7483FAF5B1486DB92CC040 /* CoreMedia.framework */; };
		A2D39D496E5D4DE7B8E3F6BA /* CoreMotion.framework in Frameworks */ = {isa = PBXBuildFile; fileRef = 698B281AB915492F97CE539D /* CoreMotion.framework */; };
		E3F0406EDFEF47059F7C9349 /* AVFoundation.framework in Frameworks */ = {isa = PBXBuildFile; fileRef = 7F3696D772EA4CF2B83CD62E /* AVFoundation.framework */; };
		F0F3D3FA740C483EA42F2BA9 /* SystemConfiguration.framework in Frameworks */ = {isa = PBXBuildFile; fileRef = 3F0CEFC0DC224AE58B36EA49 /* SystemConfiguration.framework */; };
		5CF8DC27A5BD4449AC25600A /* OpenGLES.framework in Frameworks */ = {isa = PBXBuildFile; fileRef = 34B4831C6F7A41E09ADBABA9 /* OpenGLES.framework */; };
		3B751E55D6254E5A884398A7 /* CoreLocation.framework in Frameworks */ = {isa = PBXBuildFile; fileRef = EB37027A2DC94F15BA20E177 /* CoreLocation.framework */; };
		E33D80B35EA64925B08053E9 /* APPEmailComposer.m in Sources */ = {isa = PBXBuildFile; fileRef = 15BC3048FA6D4C799E4D8121 /* APPEmailComposer.m */; };
		9282A83B55FF48D6ABB356ED /* APPEmailComposerImpl.m in Sources */ = {isa = PBXBuildFile; fileRef = B5BF3C54CADD4F119DBFAAAC /* APPEmailComposerImpl.m */; };
		E99D5278C56341B9941AB66A /* MessageUI.framework in Frameworks */ = {isa = PBXBuildFile; fileRef = 6E21345DD8B84FD6819EAC67 /* MessageUI.framework */; };
		DF5C5AA06A784997A0CF1EC5 /* CDVAccelerometer.m in Sources */ = {isa = PBXBuildFile; fileRef = B6DC12A6637442EEA9142392 /* CDVAccelerometer.m */; };
		395AA762097149349C086DC1 /* CDVLocation.m in Sources */ = {isa = PBXBuildFile; fileRef = 097AF4692A90420DB2CD96EB /* CDVLocation.m */; };
		865E22CD99104564919C4275 /* CDVConnection.m in Sources */ = {isa = PBXBuildFile; fileRef = C8FFADECFE174838B0346867 /* CDVConnection.m */; };
		7C099F7D9932483F98DBB5EC /* CDVReachability.m in Sources */ = {isa = PBXBuildFile; fileRef = DFA1D2CB684C46CABDF40F4E /* CDVReachability.m */; };
		20BA7945D1A54AFE99FA677F /* CoreTelephony.framework in Frameworks */ = {isa = PBXBuildFile; fileRef = 17BCD00B29F341C5BF9FC565 /* CoreTelephony.framework */; };
		904F217927F14B808FDB8F26 /* CDVFileTransfer.m in Sources */ = {isa = PBXBuildFile; fileRef = 86DBD7AA62DA4B14A250903A /* CDVFileTransfer.m */; };
		836B1642E13143E9B42B1A9B /* Diagnostic.m in Sources */ = {isa = PBXBuildFile; fileRef = 679415B0D1494AE388E6A3F0 /* Diagnostic.m */; };
		53C62991860C460BAC38D67C /* CoreBluetooth.framework in Frameworks */ = {isa = PBXBuildFile; fileRef = 8EDA432BD6834387A394FC41 /* CoreBluetooth.framework */; };
		0DE2FADC505B4199AA1F48DB /* Photos.framework in Frameworks */ = {isa = PBXBuildFile; fileRef = F0E3E0E2986548ED8C176D38 /* Photos.framework */; };
		D554074F70554C9C8F065931 /* DatePicker.m in Sources */ = {isa = PBXBuildFile; fileRef = E54BECD30C9040F9985C8349 /* DatePicker.m */; };
		8F868F718115488DB0E47D08 /* DatePicker.xib in Resources */ = {isa = PBXBuildFile; fileRef = F2226EE8D8E54BF59347B115 /* DatePicker.xib */; };
		13BF8B556584497FA88C9868 /* AppDelegate+APPAppEvent.m in Sources */ = {isa = PBXBuildFile; fileRef = 11D64480D7F645529CEA57C8 /* AppDelegate+APPAppEvent.m */; };
		B06149CBC5434EAF952DC3A7 /* CDVPlugin+APPAppEvent.m in Sources */ = {isa = PBXBuildFile; fileRef = 5C9E48EA74C5445C9FED1FB1 /* CDVPlugin+APPAppEvent.m */; };
		0E86550F1DC644CC9E81DA2D /* APPLocalNotification.m in Sources */ = {isa = PBXBuildFile; fileRef = CDD6F7DA6BEE4867849815B2 /* APPLocalNotification.m */; };
		3CB2DB37190C4E68B102E9DD /* APPLocalNotificationOptions.m in Sources */ = {isa = PBXBuildFile; fileRef = A4594BFC79BB48C7A183616B /* APPLocalNotificationOptions.m */; };
		671C486C76B64480AF5AE60C /* UIApplication+APPLocalNotification.m in Sources */ = {isa = PBXBuildFile; fileRef = B2AF0349159041CB90D1F92D /* UIApplication+APPLocalNotification.m */; };
		F98EFB96E4404050A5BA2BE3 /* UILocalNotification+APPLocalNotification.m in Sources */ = {isa = PBXBuildFile; fileRef = F14344C429664F439FEE03E9 /* UILocalNotification+APPLocalNotification.m */; };
/* End PBXBuildFile section */

/* Begin PBXContainerItemProxy section */
		301BF534109A57CC0062928A /* PBXContainerItemProxy */ = {
			isa = PBXContainerItemProxy;
			containerPortal = 301BF52D109A57CC0062928A /* CordovaLib.xcodeproj */;
			proxyType = 2;
			remoteGlobalIDString = D2AAC07E0554694100DB518D;
			remoteInfo = CordovaLib;
		};
		301BF550109A68C00062928A /* PBXContainerItemProxy */ = {
			isa = PBXContainerItemProxy;
			containerPortal = 301BF52D109A57CC0062928A /* CordovaLib.xcodeproj */;
			proxyType = 1;
			remoteGlobalIDString = D2AAC07D0554694100DB518D;
			remoteInfo = CordovaLib;
		};
/* End PBXContainerItemProxy section */

/* Begin PBXFileReference section */
		0207DA571B56EA530066E2B4 /* Images.xcassets */ = {isa = PBXFileReference; lastKnownFileType = folder.assetcatalog; name = Images.xcassets; path = "VoiceUp/Images.xcassets"; sourceTree = SOURCE_ROOT; };
		1D3623240D0F684500981E51 /* AppDelegate.h */ = {isa = PBXFileReference; fileEncoding = 4; lastKnownFileType = sourcecode.c.h; path = AppDelegate.h; sourceTree = "<group>"; };
		1D3623250D0F684500981E51 /* AppDelegate.m */ = {isa = PBXFileReference; fileEncoding = 4; lastKnownFileType = sourcecode.c.objc; path = AppDelegate.m; sourceTree = "<group>"; };
		1D6058910D05DD3D006BFB54 /* VoiceUp.app */ = {isa = PBXFileReference; explicitFileType = wrapper.application; includeInIndex = 0; path = "VoiceUp.app"; sourceTree = BUILT_PRODUCTS_DIR; };
		29B97316FDCFA39411CA2CEA /* main.m */ = {isa = PBXFileReference; fileEncoding = 4; lastKnownFileType = sourcecode.c.objc; path = main.m; sourceTree = "<group>"; };
		301BF52D109A57CC0062928A /* CordovaLib.xcodeproj */ = {isa = PBXFileReference; lastKnownFileType = "wrapper.pb-project"; name = CordovaLib.xcodeproj; path = CordovaLib/CordovaLib.xcodeproj; sourceTree = "<group>"; };
		301BF56E109A69640062928A /* www */ = {isa = PBXFileReference; lastKnownFileType = folder; path = www; sourceTree = SOURCE_ROOT; };
		302D95EE14D2391D003F00A1 /* MainViewController.h */ = {isa = PBXFileReference; fileEncoding = 4; lastKnownFileType = sourcecode.c.h; path = MainViewController.h; sourceTree = "<group>"; };
		302D95EF14D2391D003F00A1 /* MainViewController.m */ = {isa = PBXFileReference; fileEncoding = 4; lastKnownFileType = sourcecode.c.objc; path = MainViewController.m; sourceTree = "<group>"; };
		302D95F014D2391D003F00A1 /* MainViewController.xib */ = {isa = PBXFileReference; fileEncoding = 4; lastKnownFileType = file.xib; path = MainViewController.xib; sourceTree = "<group>"; };
		3047A50F1AB8059700498E2A /* build-debug.xcconfig */ = {isa = PBXFileReference; fileEncoding = 4; lastKnownFileType = text.xcconfig; name = "build-debug.xcconfig"; path = cordova/build-debug.xcconfig; sourceTree = SOURCE_ROOT; };
		3047A5101AB8059700498E2A /* build-release.xcconfig */ = {isa = PBXFileReference; fileEncoding = 4; lastKnownFileType = text.xcconfig; name = "build-release.xcconfig"; path = cordova/build-release.xcconfig; sourceTree = SOURCE_ROOT; };
		3047A5111AB8059700498E2A /* build.xcconfig */ = {isa = PBXFileReference; fileEncoding = 4; lastKnownFileType = text.xcconfig; name = build.xcconfig; path = cordova/build.xcconfig; sourceTree = SOURCE_ROOT; };
		32CA4F630368D1EE00C91783 /* VoiceUp-Prefix.pch */ = {isa = PBXFileReference; fileEncoding = 4; lastKnownFileType = sourcecode.c.h; path = "VoiceUp-Prefix.pch"; sourceTree = "<group>"; };
		8D1107310486CEB800E47090 /* VoiceUp-Info.plist */ = {isa = PBXFileReference; fileEncoding = 4; lastKnownFileType = text.plist.xml; name = "VoiceUp-Info.plist"; path = "VoiceUp/VoiceUp-Info.plist"; plistStructureDefinitionIdentifier = "com.apple.xcode.plist.structure-definition.iphone.info-plist"; sourceTree = SOURCE_ROOT; };
		EB87FDF31871DA8E0020F90C /* www */ = {isa = PBXFileReference; lastKnownFileType = folder; name = www; path = ../../www; sourceTree = "<group>"; };
		EB87FDF41871DAF40020F90C /* config.xml */ = {isa = PBXFileReference; lastKnownFileType = text.xml; name = config.xml; path = ../../config.xml; sourceTree = "<group>"; };
		F840E1F0165FE0F500CFE078 /* config.xml */ = {isa = PBXFileReference; lastKnownFileType = text.xml; name = config.xml; path = "VoiceUp/config.xml"; sourceTree = "<group>"; };
		ED33DF2A687741AEAF9F8254 /* Bridging-Header.h */ = {isa = PBXFileReference; fileEncoding = 4; lastKnownFileType = sourcecode.c.h; name = "Bridging-Header.h"; path = "Bridging-Header.h"; sourceTree = "<group>"; };
		9CF42E031F734AF5A55E1737 /* CDVLogger.m */ = {isa = PBXFileReference; name = "CDVLogger.m"; path = "cordova-plugin-console/CDVLogger.m"; sourceTree = "<group>"; fileEncoding = 4; lastKnownFileType = sourcecode.c.objc; explicitFileType = undefined; includeInIndex = 0; };
		2117D22CDD254D8EAF4A9679 /* CDVLogger.h */ = {isa = PBXFileReference; name = "CDVLogger.h"; path = "cordova-plugin-console/CDVLogger.h"; sourceTree = "<group>"; fileEncoding = 4; lastKnownFileType = sourcecode.c.h; explicitFileType = undefined; includeInIndex = 0; };
		2CF6A0F432B947F78DA0C526 /* CDVDevice.m */ = {isa = PBXFileReference; name = "CDVDevice.m"; path = "cordova-plugin-device/CDVDevice.m"; sourceTree = "<group>"; fileEncoding = 4; lastKnownFileType = sourcecode.c.objc; explicitFileType = undefined; includeInIndex = 0; };
		3D043AB185E2433EA63D1860 /* CDVDevice.h */ = {isa = PBXFileReference; name = "CDVDevice.h"; path = "cordova-plugin-device/CDVDevice.h"; sourceTree = "<group>"; fileEncoding = 4; lastKnownFileType = sourcecode.c.h; explicitFileType = undefined; includeInIndex = 0; };
		CB59C692F79B413393334458 /* CDVSplashScreen.m */ = {isa = PBXFileReference; name = "CDVSplashScreen.m"; path = "cordova-plugin-splashscreen/CDVSplashScreen.m"; sourceTree = "<group>"; fileEncoding = 4; lastKnownFileType = sourcecode.c.objc; explicitFileType = undefined; includeInIndex = 0; };
		04E78F678B1242B9A840CFCE /* CDVViewController+SplashScreen.m */ = {isa = PBXFileReference; name = "CDVViewController+SplashScreen.m"; path = "cordova-plugin-splashscreen/CDVViewController+SplashScreen.m"; sourceTree = "<group>"; fileEncoding = 4; lastKnownFileType = sourcecode.c.objc; explicitFileType = undefined; includeInIndex = 0; };
		EB61A434F24E4946855F5547 /* CDVSplashScreen.h */ = {isa = PBXFileReference; name = "CDVSplashScreen.h"; path = "cordova-plugin-splashscreen/CDVSplashScreen.h"; sourceTree = "<group>"; fileEncoding = 4; lastKnownFileType = sourcecode.c.h; explicitFileType = undefined; includeInIndex = 0; };
		1CA7517F569D48829D2DACF9 /* CDVViewController+SplashScreen.h */ = {isa = PBXFileReference; name = "CDVViewController+SplashScreen.h"; path = "cordova-plugin-splashscreen/CDVViewController+SplashScreen.h"; sourceTree = "<group>"; fileEncoding = 4; lastKnownFileType = sourcecode.c.h; explicitFileType = undefined; includeInIndex = 0; };
		359DF8CBAB3E4A3CB63F7CB7 /* CDVFile.m */ = {isa = PBXFileReference; name = "CDVFile.m"; path = "cordova-plugin-file/CDVFile.m"; sourceTree = "<group>"; fileEncoding = 4; lastKnownFileType = sourcecode.c.objc; explicitFileType = undefined; includeInIndex = 0; };
		CEAD48ACE2384F7C8715AEFC /* CDVLocalFilesystem.m */ = {isa = PBXFileReference; name = "CDVLocalFilesystem.m"; path = "cordova-plugin-file/CDVLocalFilesystem.m"; sourceTree = "<group>"; fileEncoding = 4; lastKnownFileType = sourcecode.c.objc; explicitFileType = undefined; includeInIndex = 0; };
		56CAF62F37444D33BE4828E5 /* CDVAssetLibraryFilesystem.m */ = {isa = PBXFileReference; name = "CDVAssetLibraryFilesystem.m"; path = "cordova-plugin-file/CDVAssetLibraryFilesystem.m"; sourceTree = "<group>"; fileEncoding = 4; lastKnownFileType = sourcecode.c.objc; explicitFileType = undefined; includeInIndex = 0; };
		F400E14225324836BE51D857 /* CDVFile.h */ = {isa = PBXFileReference; name = "CDVFile.h"; path = "cordova-plugin-file/CDVFile.h"; sourceTree = "<group>"; fileEncoding = 4; lastKnownFileType = sourcecode.c.h; explicitFileType = undefined; includeInIndex = 0; };
		D9D49E98B8D7499F86C700BE /* CDVLocalFilesystem.h */ = {isa = PBXFileReference; name = "CDVLocalFilesystem.h"; path = "cordova-plugin-file/CDVLocalFilesystem.h"; sourceTree = "<group>"; fileEncoding = 4; lastKnownFileType = sourcecode.c.h; explicitFileType = undefined; includeInIndex = 0; };
		C156624BA0DD4F67BB10D26E /* CDVAssetLibraryFilesystem.h */ = {isa = PBXFileReference; name = "CDVAssetLibraryFilesystem.h"; path = "cordova-plugin-file/CDVAssetLibraryFilesystem.h"; sourceTree = "<group>"; fileEncoding = 4; lastKnownFileType = sourcecode.c.h; explicitFileType = undefined; includeInIndex = 0; };
		55EB900FB89A4246B5D044D2 /* CDVSound.m */ = {isa = PBXFileReference; name = "CDVSound.m"; path = "cordova-plugin-media/CDVSound.m"; sourceTree = "<group>"; fileEncoding = 4; lastKnownFileType = sourcecode.c.objc; explicitFileType = undefined; includeInIndex = 0; };
		E6FF3A002EF44D30B882A30E /* CDVSound.h */ = {isa = PBXFileReference; name = "CDVSound.h"; path = "cordova-plugin-media/CDVSound.h"; sourceTree = "<group>"; fileEncoding = 4; lastKnownFileType = sourcecode.c.h; explicitFileType = undefined; includeInIndex = 0; };
		7BADAD3A42B94BBE8B2CE1DB /* CDVCapture.m */ = {isa = PBXFileReference; name = "CDVCapture.m"; path = "cordova-plugin-media-capture/CDVCapture.m"; sourceTree = "<group>"; fileEncoding = 4; lastKnownFileType = sourcecode.c.objc; explicitFileType = undefined; includeInIndex = 0; };
		D3EE8CF6606C46068D361356 /* CDVCapture.h */ = {isa = PBXFileReference; name = "CDVCapture.h"; path = "cordova-plugin-media-capture/CDVCapture.h"; sourceTree = "<group>"; fileEncoding = 4; lastKnownFileType = sourcecode.c.h; explicitFileType = undefined; includeInIndex = 0; };
		0951E1DC772448E391A79422 /* CDVCapture.bundle */ = {isa = PBXFileReference; name = "CDVCapture.bundle"; path = "CDVCapture.bundle"; sourceTree = "<group>"; fileEncoding = undefined; lastKnownFileType = wrapper.plug-in; explicitFileType = undefined; includeInIndex = 0; };
		78F020404915413AAD22936C /* CDVTestFairy.m */ = {isa = PBXFileReference; name = "CDVTestFairy.m"; path = "com.testfairy.cordova-plugin/CDVTestFairy.m"; sourceTree = "<group>"; fileEncoding = 4; lastKnownFileType = sourcecode.c.objc; explicitFileType = undefined; includeInIndex = 0; };
		62F471786BFB4C6B9257530E /* libTestFairy.a */ = {isa = PBXFileReference; name = "libTestFairy.a"; path = "VoiceUp/Plugins/com.testfairy.cordova-plugin/libTestFairy.a"; sourceTree = "<group>"; fileEncoding = undefined; lastKnownFileType = archive.ar; explicitFileType = undefined; includeInIndex = 0; };
		88CE70BB9CF242D29519346D /* TestFairy.h */ = {isa = PBXFileReference; name = "TestFairy.h"; path = "com.testfairy.cordova-plugin/TestFairy.h"; sourceTree = "<group>"; fileEncoding = 4; lastKnownFileType = sourcecode.c.h; explicitFileType = undefined; includeInIndex = 0; };
		65EB7ABB8E394E87BE8D2ADC /* CDVTestFairy.h */ = {isa = PBXFileReference; name = "CDVTestFairy.h"; path = "com.testfairy.cordova-plugin/CDVTestFairy.h"; sourceTree = "<group>"; fileEncoding = 4; lastKnownFileType = sourcecode.c.h; explicitFileType = undefined; includeInIndex = 0; };
		CC7483FAF5B1486DB92CC040 /* CoreMedia.framework */ = {isa = PBXFileReference; name = "CoreMedia.framework"; path = "System/Library/Frameworks/CoreMedia.framework"; sourceTree = SDKROOT; fileEncoding = undefined; lastKnownFileType = wrapper.framework; explicitFileType = undefined; includeInIndex = 0; };
		698B281AB915492F97CE539D /* CoreMotion.framework */ = {isa = PBXFileReference; name = "CoreMotion.framework"; path = "System/Library/Frameworks/CoreMotion.framework"; sourceTree = SDKROOT; fileEncoding = undefined; lastKnownFileType = wrapper.framework; explicitFileType = undefined; includeInIndex = 0; };
		7F3696D772EA4CF2B83CD62E /* AVFoundation.framework */ = {isa = PBXFileReference; name = "AVFoundation.framework"; path = "System/Library/Frameworks/AVFoundation.framework"; sourceTree = SDKROOT; fileEncoding = undefined; lastKnownFileType = wrapper.framework; explicitFileType = undefined; includeInIndex = 0; };
		3F0CEFC0DC224AE58B36EA49 /* SystemConfiguration.framework */ = {isa = PBXFileReference; name = "SystemConfiguration.framework"; path = "System/Library/Frameworks/SystemConfiguration.framework"; sourceTree = SDKROOT; fileEncoding = undefined; lastKnownFileType = wrapper.framework; explicitFileType = undefined; includeInIndex = 0; };
		34B4831C6F7A41E09ADBABA9 /* OpenGLES.framework */ = {isa = PBXFileReference; name = "OpenGLES.framework"; path = "System/Library/Frameworks/OpenGLES.framework"; sourceTree = SDKROOT; fileEncoding = undefined; lastKnownFileType = wrapper.framework; explicitFileType = undefined; includeInIndex = 0; };
		EB37027A2DC94F15BA20E177 /* CoreLocation.framework */ = {isa = PBXFileReference; name = "CoreLocation.framework"; path = "System/Library/Frameworks/CoreLocation.framework"; sourceTree = SDKROOT; fileEncoding = undefined; lastKnownFileType = wrapper.framework; explicitFileType = undefined; includeInIndex = 0; };
		15BC3048FA6D4C799E4D8121 /* APPEmailComposer.m */ = {isa = PBXFileReference; name = "APPEmailComposer.m"; path = "cordova-plugin-email-composer/APPEmailComposer.m"; sourceTree = "<group>"; fileEncoding = 4; lastKnownFileType = sourcecode.c.objc; explicitFileType = undefined; includeInIndex = 0; };
		B5BF3C54CADD4F119DBFAAAC /* APPEmailComposerImpl.m */ = {isa = PBXFileReference; name = "APPEmailComposerImpl.m"; path = "cordova-plugin-email-composer/APPEmailComposerImpl.m"; sourceTree = "<group>"; fileEncoding = 4; lastKnownFileType = sourcecode.c.objc; explicitFileType = undefined; includeInIndex = 0; };
		576BA7294D004766814CD0D7 /* APPEmailComposer.h */ = {isa = PBXFileReference; name = "APPEmailComposer.h"; path = "cordova-plugin-email-composer/APPEmailComposer.h"; sourceTree = "<group>"; fileEncoding = 4; lastKnownFileType = sourcecode.c.h; explicitFileType = undefined; includeInIndex = 0; };
		D10AC8A2676F413D84DDE9B0 /* APPEmailComposerImpl.h */ = {isa = PBXFileReference; name = "APPEmailComposerImpl.h"; path = "cordova-plugin-email-composer/APPEmailComposerImpl.h"; sourceTree = "<group>"; fileEncoding = 4; lastKnownFileType = sourcecode.c.h; explicitFileType = undefined; includeInIndex = 0; };
		6E21345DD8B84FD6819EAC67 /* MessageUI.framework */ = {isa = PBXFileReference; name = "MessageUI.framework"; path = "System/Library/Frameworks/MessageUI.framework"; sourceTree = SDKROOT; fileEncoding = undefined; lastKnownFileType = wrapper.framework; explicitFileType = undefined; includeInIndex = 0; };
		B6DC12A6637442EEA9142392 /* CDVAccelerometer.m */ = {isa = PBXFileReference; name = "CDVAccelerometer.m"; path = "cordova-plugin-device-motion/CDVAccelerometer.m"; sourceTree = "<group>"; fileEncoding = 4; lastKnownFileType = sourcecode.c.objc; explicitFileType = undefined; includeInIndex = 0; };
		35E195BDD0D64D738B897314 /* CDVAccelerometer.h */ = {isa = PBXFileReference; name = "CDVAccelerometer.h"; path = "cordova-plugin-device-motion/CDVAccelerometer.h"; sourceTree = "<group>"; fileEncoding = 4; lastKnownFileType = sourcecode.c.h; explicitFileType = undefined; includeInIndex = 0; };
		097AF4692A90420DB2CD96EB /* CDVLocation.m */ = {isa = PBXFileReference; name = "CDVLocation.m"; path = "cordova-plugin-geolocation/CDVLocation.m"; sourceTree = "<group>"; fileEncoding = 4; lastKnownFileType = sourcecode.c.objc; explicitFileType = undefined; includeInIndex = 0; };
		7BF1517921FA4B65B786FD77 /* CDVLocation.h */ = {isa = PBXFileReference; name = "CDVLocation.h"; path = "cordova-plugin-geolocation/CDVLocation.h"; sourceTree = "<group>"; fileEncoding = 4; lastKnownFileType = sourcecode.c.h; explicitFileType = undefined; includeInIndex = 0; };
		C8FFADECFE174838B0346867 /* CDVConnection.m */ = {isa = PBXFileReference; name = "CDVConnection.m"; path = "cordova-plugin-network-information/CDVConnection.m"; sourceTree = "<group>"; fileEncoding = 4; lastKnownFileType = sourcecode.c.objc; explicitFileType = undefined; includeInIndex = 0; };
		DFA1D2CB684C46CABDF40F4E /* CDVReachability.m */ = {isa = PBXFileReference; name = "CDVReachability.m"; path = "cordova-plugin-network-information/CDVReachability.m"; sourceTree = "<group>"; fileEncoding = 4; lastKnownFileType = sourcecode.c.objc; explicitFileType = undefined; includeInIndex = 0; };
		9D05FB608C0F48E7BC0E48C6 /* CDVConnection.h */ = {isa = PBXFileReference; name = "CDVConnection.h"; path = "cordova-plugin-network-information/CDVConnection.h"; sourceTree = "<group>"; fileEncoding = 4; lastKnownFileType = sourcecode.c.h; explicitFileType = undefined; includeInIndex = 0; };
		2412DCDC437B4A969D69BF18 /* CDVReachability.h */ = {isa = PBXFileReference; name = "CDVReachability.h"; path = "cordova-plugin-network-information/CDVReachability.h"; sourceTree = "<group>"; fileEncoding = 4; lastKnownFileType = sourcecode.c.h; explicitFileType = undefined; includeInIndex = 0; };
		17BCD00B29F341C5BF9FC565 /* CoreTelephony.framework */ = {isa = PBXFileReference; name = "CoreTelephony.framework"; path = "System/Library/Frameworks/CoreTelephony.framework"; sourceTree = SDKROOT; fileEncoding = undefined; lastKnownFileType = wrapper.framework; explicitFileType = undefined; includeInIndex = 0; };
		86DBD7AA62DA4B14A250903A /* CDVFileTransfer.m */ = {isa = PBXFileReference; name = "CDVFileTransfer.m"; path = "cordova-plugin-file-transfer/CDVFileTransfer.m"; sourceTree = "<group>"; fileEncoding = 4; lastKnownFileType = sourcecode.c.objc; explicitFileType = undefined; includeInIndex = 0; };
		7B416C2CC8544DEDAFF0515F /* CDVFileTransfer.h */ = {isa = PBXFileReference; name = "CDVFileTransfer.h"; path = "cordova-plugin-file-transfer/CDVFileTransfer.h"; sourceTree = "<group>"; fileEncoding = 4; lastKnownFileType = sourcecode.c.h; explicitFileType = undefined; includeInIndex = 0; };
		679415B0D1494AE388E6A3F0 /* Diagnostic.m */ = {isa = PBXFileReference; name = "Diagnostic.m"; path = "cordova.plugins.diagnostic.api-22/Diagnostic.m"; sourceTree = "<group>"; fileEncoding = 4; lastKnownFileType = sourcecode.c.objc; explicitFileType = undefined; includeInIndex = 0; };
		D6E4714DF0C84F51A7D3B131 /* Diagnostic.h */ = {isa = PBXFileReference; name = "Diagnostic.h"; path = "cordova.plugins.diagnostic.api-22/Diagnostic.h"; sourceTree = "<group>"; fileEncoding = 4; lastKnownFileType = sourcecode.c.h; explicitFileType = undefined; includeInIndex = 0; };
		8EDA432BD6834387A394FC41 /* CoreBluetooth.framework */ = {isa = PBXFileReference; name = "CoreBluetooth.framework"; path = "System/Library/Frameworks/CoreBluetooth.framework"; sourceTree = SDKROOT; fileEncoding = undefined; lastKnownFileType = wrapper.framework; explicitFileType = undefined; includeInIndex = 0; };
		F0E3E0E2986548ED8C176D38 /* Photos.framework */ = {isa = PBXFileReference; name = "Photos.framework"; path = "System/Library/Frameworks/Photos.framework"; sourceTree = SDKROOT; fileEncoding = undefined; lastKnownFileType = wrapper.framework; explicitFileType = undefined; includeInIndex = 0; };
		E54BECD30C9040F9985C8349 /* DatePicker.m */ = {isa = PBXFileReference; name = "DatePicker.m"; path = "cordova-plugin-datepicker/DatePicker.m"; sourceTree = "<group>"; fileEncoding = 4; lastKnownFileType = sourcecode.c.objc; explicitFileType = undefined; includeInIndex = 0; };
		4D2C3A8564664ADA8C8F3EAE /* DatePicker.h */ = {isa = PBXFileReference; name = "DatePicker.h"; path = "cordova-plugin-datepicker/DatePicker.h"; sourceTree = "<group>"; fileEncoding = 4; lastKnownFileType = sourcecode.c.h; explicitFileType = undefined; includeInIndex = 0; };
		F2226EE8D8E54BF59347B115 /* DatePicker.xib */ = {isa = PBXFileReference; name = "DatePicker.xib"; path = "DatePicker.xib"; sourceTree = "<group>"; fileEncoding = undefined; lastKnownFileType = file.xib; explicitFileType = undefined; includeInIndex = 0; };
		11D64480D7F645529CEA57C8 /* AppDelegate+APPAppEvent.m */ = {isa = PBXFileReference; name = "AppDelegate+APPAppEvent.m"; path = "cordova-plugin-app-event/AppDelegate+APPAppEvent.m"; sourceTree = "<group>"; fileEncoding = 4; lastKnownFileType = sourcecode.c.objc; explicitFileType = undefined; includeInIndex = 0; };
		5C9E48EA74C5445C9FED1FB1 /* CDVPlugin+APPAppEvent.m */ = {isa = PBXFileReference; name = "CDVPlugin+APPAppEvent.m"; path = "cordova-plugin-app-event/CDVPlugin+APPAppEvent.m"; sourceTree = "<group>"; fileEncoding = 4; lastKnownFileType = sourcecode.c.objc; explicitFileType = undefined; includeInIndex = 0; };
		04094027874F463683A32C6D /* AppDelegate+APPAppEvent.h */ = {isa = PBXFileReference; name = "AppDelegate+APPAppEvent.h"; path = "cordova-plugin-app-event/AppDelegate+APPAppEvent.h"; sourceTree = "<group>"; fileEncoding = 4; lastKnownFileType = sourcecode.c.h; explicitFileType = undefined; includeInIndex = 0; };
		810A96F72C6947E28603B71C /* CDVPlugin+APPAppEvent.h */ = {isa = PBXFileReference; name = "CDVPlugin+APPAppEvent.h"; path = "cordova-plugin-app-event/CDVPlugin+APPAppEvent.h"; sourceTree = "<group>"; fileEncoding = 4; lastKnownFileType = sourcecode.c.h; explicitFileType = undefined; includeInIndex = 0; };
		CC72D664CE3F4E2B8D26F396 /* APPAppEventDelegate.h */ = {isa = PBXFileReference; name = "APPAppEventDelegate.h"; path = "cordova-plugin-app-event/APPAppEventDelegate.h"; sourceTree = "<group>"; fileEncoding = 4; lastKnownFileType = sourcecode.c.h; explicitFileType = undefined; includeInIndex = 0; };
		CDD6F7DA6BEE4867849815B2 /* APPLocalNotification.m */ = {isa = PBXFileReference; name = "APPLocalNotification.m"; path = "de.appplant.cordova.plugin.local-notification/APPLocalNotification.m"; sourceTree = "<group>"; fileEncoding = 4; lastKnownFileType = sourcecode.c.objc; explicitFileType = undefined; includeInIndex = 0; };
		A4594BFC79BB48C7A183616B /* APPLocalNotificationOptions.m */ = {isa = PBXFileReference; name = "APPLocalNotificationOptions.m"; path = "de.appplant.cordova.plugin.local-notification/APPLocalNotificationOptions.m"; sourceTree = "<group>"; fileEncoding = 4; lastKnownFileType = sourcecode.c.objc; explicitFileType = undefined; includeInIndex = 0; };
		B2AF0349159041CB90D1F92D /* UIApplication+APPLocalNotification.m */ = {isa = PBXFileReference; name = "UIApplication+APPLocalNotification.m"; path = "de.appplant.cordova.plugin.local-notification/UIApplication+APPLocalNotification.m"; sourceTree = "<group>"; fileEncoding = 4; lastKnownFileType = sourcecode.c.objc; explicitFileType = undefined; includeInIndex = 0; };
		F14344C429664F439FEE03E9 /* UILocalNotification+APPLocalNotification.m */ = {isa = PBXFileReference; name = "UILocalNotification+APPLocalNotification.m"; path = "de.appplant.cordova.plugin.local-notification/UILocalNotification+APPLocalNotification.m"; sourceTree = "<group>"; fileEncoding = 4; lastKnownFileType = sourcecode.c.objc; explicitFileType = undefined; includeInIndex = 0; };
		AA617E65C6EB43D2ABDDD2A8 /* APPLocalNotification.h */ = {isa = PBXFileReference; name = "APPLocalNotification.h"; path = "de.appplant.cordova.plugin.local-notification/APPLocalNotification.h"; sourceTree = "<group>"; fileEncoding = 4; lastKnownFileType = sourcecode.c.h; explicitFileType = undefined; includeInIndex = 0; };
		E16B51FAD638441F8D3F6618 /* APPLocalNotificationOptions.h */ = {isa = PBXFileReference; name = "APPLocalNotificationOptions.h"; path = "de.appplant.cordova.plugin.local-notification/APPLocalNotificationOptions.h"; sourceTree = "<group>"; fileEncoding = 4; lastKnownFileType = sourcecode.c.h; explicitFileType = undefined; includeInIndex = 0; };
		75C1DD88DDC5467FB576208A /* UIApplication+APPLocalNotification.h */ = {isa = PBXFileReference; name = "UIApplication+APPLocalNotification.h"; path = "de.appplant.cordova.plugin.local-notification/UIApplication+APPLocalNotification.h"; sourceTree = "<group>"; fileEncoding = 4; lastKnownFileType = sourcecode.c.h; explicitFileType = undefined; includeInIndex = 0; };
		E3BC15B0037341C5868D17F7 /* UILocalNotification+APPLocalNotification.h */ = {isa = PBXFileReference; name = "UILocalNotification+APPLocalNotification.h"; path = "de.appplant.cordova.plugin.local-notification/UILocalNotification+APPLocalNotification.h"; sourceTree = "<group>"; fileEncoding = 4; lastKnownFileType = sourcecode.c.h; explicitFileType = undefined; includeInIndex = 0; };
/* End PBXFileReference section */

/* Begin PBXFrameworksBuildPhase section */
		1D60588F0D05DD3D006BFB54 /* Frameworks */ = {
			isa = PBXFrameworksBuildPhase;
			buildActionMask = 2147483647;
			files = (
				301BF552109A68D80062928A /* libCordova.a in Frameworks */,
				CD821713FA06444BB8A83FD7 /* libTestFairy.a in Frameworks */,
				8C1106B288184410AB42D971 /* CoreMedia.framework in Frameworks */,
				A2D39D496E5D4DE7B8E3F6BA /* CoreMotion.framework in Frameworks */,
				E3F0406EDFEF47059F7C9349 /* AVFoundation.framework in Frameworks */,
				F0F3D3FA740C483EA42F2BA9 /* SystemConfiguration.framework in Frameworks */,
				5CF8DC27A5BD4449AC25600A /* OpenGLES.framework in Frameworks */,
				3B751E55D6254E5A884398A7 /* CoreLocation.framework in Frameworks */,
				E99D5278C56341B9941AB66A /* MessageUI.framework in Frameworks */,
				20BA7945D1A54AFE99FA677F /* CoreTelephony.framework in Frameworks */,
				53C62991860C460BAC38D67C /* CoreBluetooth.framework in Frameworks */,
				0DE2FADC505B4199AA1F48DB /* Photos.framework in Frameworks */,
			);
			runOnlyForDeploymentPostprocessing = 0;
		};
/* End PBXFrameworksBuildPhase section */

/* Begin PBXGroup section */
		080E96DDFE201D6D7F000001 /* Classes */ = {
			isa = PBXGroup;
			children = (
				302D95EE14D2391D003F00A1 /* MainViewController.h */,
				302D95EF14D2391D003F00A1 /* MainViewController.m */,
				302D95F014D2391D003F00A1 /* MainViewController.xib */,
				1D3623240D0F684500981E51 /* AppDelegate.h */,
				1D3623250D0F684500981E51 /* AppDelegate.m */,
			);
			name = Classes;
			path = "VoiceUp/Classes";
			sourceTree = SOURCE_ROOT;
		};
		19C28FACFE9D520D11CA2CBB /* Products */ = {
			isa = PBXGroup;
			children = (
				1D6058910D05DD3D006BFB54 /* VoiceUp.app */,
			);
			name = Products;
			sourceTree = "<group>";
		};
		29B97314FDCFA39411CA2CEA /* CustomTemplate */ = {
			isa = PBXGroup;
			children = (
				EB87FDF41871DAF40020F90C /* config.xml */,
				EB87FDF31871DA8E0020F90C /* www */,
				EB87FDF11871DA420020F90C /* Staging */,
				301BF52D109A57CC0062928A /* CordovaLib.xcodeproj */,
				080E96DDFE201D6D7F000001 /* Classes */,
				307C750510C5A3420062BCA9 /* Plugins */,
				29B97315FDCFA39411CA2CEA /* Other Sources */,
				29B97317FDCFA39411CA2CEA /* Resources */,
				29B97323FDCFA39411CA2CEA /* Frameworks */,
				19C28FACFE9D520D11CA2CBB /* Products */,
			);
			name = CustomTemplate;
			sourceTree = "<group>";
		};
		29B97315FDCFA39411CA2CEA /* Other Sources */ = {
			isa = PBXGroup;
			children = (
				32CA4F630368D1EE00C91783 /* VoiceUp-Prefix.pch */,
				29B97316FDCFA39411CA2CEA /* main.m */,
				ED33DF2A687741AEAF9F8254 /* Bridging-Header.h */,
			);
			name = "Other Sources";
			path = "VoiceUp";
			sourceTree = "<group>";
		};
		29B97317FDCFA39411CA2CEA /* Resources */ = {
			isa = PBXGroup;
			children = (
				0207DA571B56EA530066E2B4 /* Images.xcassets */,
				3047A50E1AB8057F00498E2A /* config */,
				8D1107310486CEB800E47090 /* VoiceUp-Info.plist */,
				0951E1DC772448E391A79422 /* CDVCapture.bundle */,
				F2226EE8D8E54BF59347B115 /* DatePicker.xib */,
			);
			name = Resources;
			path = "VoiceUp/Resources";
			sourceTree = "<group>";
		};
		29B97323FDCFA39411CA2CEA /* Frameworks */ = {
			isa = PBXGroup;
			children = (
				62F471786BFB4C6B9257530E /* libTestFairy.a */,
				CC7483FAF5B1486DB92CC040 /* CoreMedia.framework */,
				698B281AB915492F97CE539D /* CoreMotion.framework */,
				7F3696D772EA4CF2B83CD62E /* AVFoundation.framework */,
				3F0CEFC0DC224AE58B36EA49 /* SystemConfiguration.framework */,
				34B4831C6F7A41E09ADBABA9 /* OpenGLES.framework */,
				EB37027A2DC94F15BA20E177 /* CoreLocation.framework */,
				6E21345DD8B84FD6819EAC67 /* MessageUI.framework */,
				17BCD00B29F341C5BF9FC565 /* CoreTelephony.framework */,
				8EDA432BD6834387A394FC41 /* CoreBluetooth.framework */,
				F0E3E0E2986548ED8C176D38 /* Photos.framework */,
			);
			name = Frameworks;
			sourceTree = "<group>";
		};
		301BF52E109A57CC0062928A /* Products */ = {
			isa = PBXGroup;
			children = (
				301BF535109A57CC0062928A /* libCordova.a */,
			);
			name = Products;
			sourceTree = "<group>";
		};
		3047A50E1AB8057F00498E2A /* config */ = {
			isa = PBXGroup;
			children = (
				3047A50F1AB8059700498E2A /* build-debug.xcconfig */,
				3047A5101AB8059700498E2A /* build-release.xcconfig */,
				3047A5111AB8059700498E2A /* build.xcconfig */,
			);
			name = config;
			sourceTree = "<group>";
		};
		307C750510C5A3420062BCA9 /* Plugins */ = {
			isa = PBXGroup;
			children = (
				9CF42E031F734AF5A55E1737 /* CDVLogger.m */,
				2117D22CDD254D8EAF4A9679 /* CDVLogger.h */,
				2CF6A0F432B947F78DA0C526 /* CDVDevice.m */,
				3D043AB185E2433EA63D1860 /* CDVDevice.h */,
				CB59C692F79B413393334458 /* CDVSplashScreen.m */,
				04E78F678B1242B9A840CFCE /* CDVViewController+SplashScreen.m */,
				EB61A434F24E4946855F5547 /* CDVSplashScreen.h */,
				1CA7517F569D48829D2DACF9 /* CDVViewController+SplashScreen.h */,
				359DF8CBAB3E4A3CB63F7CB7 /* CDVFile.m */,
				CEAD48ACE2384F7C8715AEFC /* CDVLocalFilesystem.m */,
				56CAF62F37444D33BE4828E5 /* CDVAssetLibraryFilesystem.m */,
				F400E14225324836BE51D857 /* CDVFile.h */,
				D9D49E98B8D7499F86C700BE /* CDVLocalFilesystem.h */,
				C156624BA0DD4F67BB10D26E /* CDVAssetLibraryFilesystem.h */,
				55EB900FB89A4246B5D044D2 /* CDVSound.m */,
				E6FF3A002EF44D30B882A30E /* CDVSound.h */,
				7BADAD3A42B94BBE8B2CE1DB /* CDVCapture.m */,
				D3EE8CF6606C46068D361356 /* CDVCapture.h */,
				78F020404915413AAD22936C /* CDVTestFairy.m */,
				88CE70BB9CF242D29519346D /* TestFairy.h */,
				65EB7ABB8E394E87BE8D2ADC /* CDVTestFairy.h */,
				15BC3048FA6D4C799E4D8121 /* APPEmailComposer.m */,
				B5BF3C54CADD4F119DBFAAAC /* APPEmailComposerImpl.m */,
				576BA7294D004766814CD0D7 /* APPEmailComposer.h */,
				D10AC8A2676F413D84DDE9B0 /* APPEmailComposerImpl.h */,
				B6DC12A6637442EEA9142392 /* CDVAccelerometer.m */,
				35E195BDD0D64D738B897314 /* CDVAccelerometer.h */,
				097AF4692A90420DB2CD96EB /* CDVLocation.m */,
				7BF1517921FA4B65B786FD77 /* CDVLocation.h */,
				C8FFADECFE174838B0346867 /* CDVConnection.m */,
				DFA1D2CB684C46CABDF40F4E /* CDVReachability.m */,
				9D05FB608C0F48E7BC0E48C6 /* CDVConnection.h */,
				2412DCDC437B4A969D69BF18 /* CDVReachability.h */,
				86DBD7AA62DA4B14A250903A /* CDVFileTransfer.m */,
				7B416C2CC8544DEDAFF0515F /* CDVFileTransfer.h */,
				679415B0D1494AE388E6A3F0 /* Diagnostic.m */,
				D6E4714DF0C84F51A7D3B131 /* Diagnostic.h */,
				E54BECD30C9040F9985C8349 /* DatePicker.m */,
				4D2C3A8564664ADA8C8F3EAE /* DatePicker.h */,
				11D64480D7F645529CEA57C8 /* AppDelegate+APPAppEvent.m */,
				5C9E48EA74C5445C9FED1FB1 /* CDVPlugin+APPAppEvent.m */,
				04094027874F463683A32C6D /* AppDelegate+APPAppEvent.h */,
				810A96F72C6947E28603B71C /* CDVPlugin+APPAppEvent.h */,
				CC72D664CE3F4E2B8D26F396 /* APPAppEventDelegate.h */,
				CDD6F7DA6BEE4867849815B2 /* APPLocalNotification.m */,
				A4594BFC79BB48C7A183616B /* APPLocalNotificationOptions.m */,
				B2AF0349159041CB90D1F92D /* UIApplication+APPLocalNotification.m */,
				F14344C429664F439FEE03E9 /* UILocalNotification+APPLocalNotification.m */,
				AA617E65C6EB43D2ABDDD2A8 /* APPLocalNotification.h */,
				E16B51FAD638441F8D3F6618 /* APPLocalNotificationOptions.h */,
				75C1DD88DDC5467FB576208A /* UIApplication+APPLocalNotification.h */,
				E3BC15B0037341C5868D17F7 /* UILocalNotification+APPLocalNotification.h */,
			);
			name = Plugins;
			path = "VoiceUp/Plugins";
			sourceTree = SOURCE_ROOT;
		};
		EB87FDF11871DA420020F90C /* Staging */ = {
			isa = PBXGroup;
			children = (
				F840E1F0165FE0F500CFE078 /* config.xml */,
				301BF56E109A69640062928A /* www */,
			);
			name = Staging;
			sourceTree = "<group>";
		};
/* End PBXGroup section */

/* Begin PBXNativeTarget section */
		1D6058900D05DD3D006BFB54 /* VoiceUp */ = {
			isa = PBXNativeTarget;
			buildConfigurationList = 1D6058960D05DD3E006BFB54 /* Build configuration list for PBXNativeTarget "VoiceUp" */;
			buildPhases = (
				304B58A110DAC018002A0835 /* Copy www directory */,
				1D60588D0D05DD3D006BFB54 /* Resources */,
				1D60588E0D05DD3D006BFB54 /* Sources */,
				1D60588F0D05DD3D006BFB54 /* Frameworks */,
			);
			buildRules = (
			);
			dependencies = (
				301BF551109A68C00062928A /* PBXTargetDependency */,
			);
			name = "VoiceUp";
			productName = "VoiceUp";
			productReference = 1D6058910D05DD3D006BFB54 /* VoiceUp.app */;
			productType = "com.apple.product-type.application";
		};
/* End PBXNativeTarget section */

/* Begin PBXProject section */
		29B97313FDCFA39411CA2CEA /* Project object */ = {
			isa = PBXProject;
			attributes = {
				LastUpgradeCheck = 510;
			};
			buildConfigurationList = C01FCF4E08A954540054247B /* Build configuration list for PBXProject "__NON-CLI__" */;
			compatibilityVersion = "Xcode 3.2";
			developmentRegion = English;
			hasScannedForEncodings = 1;
			mainGroup = 29B97314FDCFA39411CA2CEA /* CustomTemplate */;
			projectDirPath = "";
			projectReferences = (
				{
					ProductGroup = 301BF52E109A57CC0062928A /* Products */;
					ProjectRef = 301BF52D109A57CC0062928A /* CordovaLib.xcodeproj */;
				},
			);
			projectRoot = "";
			targets = (
				1D6058900D05DD3D006BFB54 /* VoiceUp */,
			);
		};
/* End PBXProject section */

/* Begin PBXReferenceProxy section */
		301BF535109A57CC0062928A /* libCordova.a */ = {
			isa = PBXReferenceProxy;
			fileType = archive.ar;
			path = libCordova.a;
			remoteRef = 301BF534109A57CC0062928A /* PBXContainerItemProxy */;
			sourceTree = BUILT_PRODUCTS_DIR;
		};
/* End PBXReferenceProxy section */

/* Begin PBXResourcesBuildPhase section */
		1D60588D0D05DD3D006BFB54 /* Resources */ = {
			isa = PBXResourcesBuildPhase;
			buildActionMask = 2147483647;
			files = (
				302D95F214D2391D003F00A1 /* MainViewController.xib in Resources */,
				0207DA581B56EA530066E2B4 /* Images.xcassets in Resources */,
				A603B3AC319C48F1A3EA9AC9 /* CDVCapture.bundle in Resources */,
				8F868F718115488DB0E47D08 /* DatePicker.xib in Resources */,
			);
			runOnlyForDeploymentPostprocessing = 0;
		};
/* End PBXResourcesBuildPhase section */

/* Begin PBXShellScriptBuildPhase section */
		304B58A110DAC018002A0835 /* Copy www directory */ = {
			isa = PBXShellScriptBuildPhase;
			buildActionMask = 2147483647;
			files = (
			);
			inputPaths = (
			);
			name = "Copy www directory";
			outputPaths = (
			);
			runOnlyForDeploymentPostprocessing = 0;
			shellPath = /bin/sh;
			shellScript = "NODEJS_PATH=/usr/local/bin; NVM_NODE_PATH=~/.nvm/versions/node/`nvm version 2>/dev/null`/bin; N_NODE_PATH=`find /usr/local/n/versions/node/* -maxdepth 0 -type d 2>/dev/null | tail -1`/bin; XCODE_NODE_PATH=`xcode-select --print-path`/usr/share/xcs/Node/bin; PATH=$NODEJS_PATH:$NVM_NODE_PATH:$N_NODE_PATH:$XCODE_NODE_PATH:$PATH && node cordova/lib/copy-www-build-step.js";
			showEnvVarsInLog = 0;
		};
/* End PBXShellScriptBuildPhase section */

/* Begin PBXSourcesBuildPhase section */
		1D60588E0D05DD3D006BFB54 /* Sources */ = {
			isa = PBXSourcesBuildPhase;
			buildActionMask = 2147483647;
			files = (
				1D60589B0D05DD56006BFB54 /* main.m in Sources */,
				1D3623260D0F684500981E51 /* AppDelegate.m in Sources */,
				302D95F114D2391D003F00A1 /* MainViewController.m in Sources */,
				6DC8AFDA435D4B99A162B994 /* CDVLogger.m in Sources */,
				7A9976C3294A450F831DA891 /* CDVDevice.m in Sources */,
				A76DA9CD70B44F26A9D8661E /* CDVSplashScreen.m in Sources */,
				C12095BCC23A4FD09322F2CF /* CDVViewController+SplashScreen.m in Sources */,
				8CAB4A2444ED469B863536D1 /* CDVFile.m in Sources */,
				1D5F29EDB7324BC4B3D08569 /* CDVLocalFilesystem.m in Sources */,
				9A3D1755926D4A79A1BE051A /* CDVAssetLibraryFilesystem.m in Sources */,
				AFE000BA823047068CCD3530 /* CDVSound.m in Sources */,
				96B136700D614512920225E4 /* CDVCapture.m in Sources */,
				0477AE4367CC4C13B4786540 /* CDVTestFairy.m in Sources */,
				E33D80B35EA64925B08053E9 /* APPEmailComposer.m in Sources */,
				9282A83B55FF48D6ABB356ED /* APPEmailComposerImpl.m in Sources */,
				DF5C5AA06A784997A0CF1EC5 /* CDVAccelerometer.m in Sources */,
				395AA762097149349C086DC1 /* CDVLocation.m in Sources */,
				865E22CD99104564919C4275 /* CDVConnection.m in Sources */,
				7C099F7D9932483F98DBB5EC /* CDVReachability.m in Sources */,
				904F217927F14B808FDB8F26 /* CDVFileTransfer.m in Sources */,
				836B1642E13143E9B42B1A9B /* Diagnostic.m in Sources */,
				D554074F70554C9C8F065931 /* DatePicker.m in Sources */,
				13BF8B556584497FA88C9868 /* AppDelegate+APPAppEvent.m in Sources */,
				B06149CBC5434EAF952DC3A7 /* CDVPlugin+APPAppEvent.m in Sources */,
				0E86550F1DC644CC9E81DA2D /* APPLocalNotification.m in Sources */,
				3CB2DB37190C4E68B102E9DD /* APPLocalNotificationOptions.m in Sources */,
				671C486C76B64480AF5AE60C /* UIApplication+APPLocalNotification.m in Sources */,
				F98EFB96E4404050A5BA2BE3 /* UILocalNotification+APPLocalNotification.m in Sources */,
			);
			runOnlyForDeploymentPostprocessing = 0;
		};
/* End PBXSourcesBuildPhase section */

/* Begin PBXTargetDependency section */
		301BF551109A68C00062928A /* PBXTargetDependency */ = {
			isa = PBXTargetDependency;
			name = CordovaLib;
			targetProxy = 301BF550109A68C00062928A /* PBXContainerItemProxy */;
		};
/* End PBXTargetDependency section */

/* Begin XCBuildConfiguration section */
		1D6058940D05DD3E006BFB54 /* Debug */ = {
			isa = XCBuildConfiguration;
			baseConfigurationReference = 3047A50F1AB8059700498E2A /* build-debug.xcconfig */;
			buildSettings = {
				ALWAYS_SEARCH_USER_PATHS = NO;
				ASSETCATALOG_COMPILER_APPICON_NAME = AppIcon;
				ASSETCATALOG_COMPILER_LAUNCHIMAGE_NAME = LaunchImage;
				CLANG_ENABLE_MODULES = YES;
				CLANG_ENABLE_OBJC_ARC = YES;
				COPY_PHASE_STRIP = NO;
				GCC_DYNAMIC_NO_PIC = NO;
				GCC_OPTIMIZATION_LEVEL = 0;
				GCC_PRECOMPILE_PREFIX_HEADER = YES;
				GCC_PREFIX_HEADER = "VoiceUp/VoiceUp-Prefix.pch";
				GCC_THUMB_SUPPORT = NO;
				GCC_VERSION = "";
				INFOPLIST_FILE = "VoiceUp/VoiceUp-Info.plist";
				LD_RUNPATH_SEARCH_PATHS = "@executable_path/Frameworks";
				PRODUCT_NAME = "VoiceUp";
				LIBRARY_SEARCH_PATHS = (
					"$(inherited)",
					"\"$(SRCROOT)/VoiceUp/Plugins/com.testfairy.cordova-plugin\"",
				);
			};
			name = Debug;
		};
		1D6058950D05DD3E006BFB54 /* Release */ = {
			isa = XCBuildConfiguration;
			baseConfigurationReference = 3047A5101AB8059700498E2A /* build-release.xcconfig */;
			buildSettings = {
				ALWAYS_SEARCH_USER_PATHS = NO;
				ASSETCATALOG_COMPILER_APPICON_NAME = AppIcon;
				ASSETCATALOG_COMPILER_LAUNCHIMAGE_NAME = LaunchImage;
				CLANG_ENABLE_MODULES = YES;
				CLANG_ENABLE_OBJC_ARC = YES;
				COPY_PHASE_STRIP = YES;
				GCC_PRECOMPILE_PREFIX_HEADER = YES;
				GCC_PREFIX_HEADER = "VoiceUp/VoiceUp-Prefix.pch";
				GCC_THUMB_SUPPORT = NO;
				GCC_VERSION = "";
				INFOPLIST_FILE = "VoiceUp/VoiceUp-Info.plist";
				PRODUCT_NAME = "VoiceUp";
				LIBRARY_SEARCH_PATHS = (
					"$(inherited)",
					"\"$(SRCROOT)/VoiceUp/Plugins/com.testfairy.cordova-plugin\"",
				);
			};
			name = Release;
		};
		C01FCF4F08A954540054247B /* Debug */ = {
			isa = XCBuildConfiguration;
			baseConfigurationReference = 3047A5111AB8059700498E2A /* build.xcconfig */;
			buildSettings = {
				CLANG_ENABLE_MODULES = YES;
				CLANG_ENABLE_OBJC_ARC = YES;
				CLANG_WARN_BOOL_CONVERSION = YES;
				CLANG_WARN_CONSTANT_CONVERSION = YES;
				CLANG_WARN_EMPTY_BODY = YES;
				CLANG_WARN_ENUM_CONVERSION = YES;
				CLANG_WARN_INT_CONVERSION = YES;
				CLANG_WARN__DUPLICATE_METHOD_MATCH = YES;
				GCC_C_LANGUAGE_STANDARD = c99;
				GCC_THUMB_SUPPORT = NO;
				GCC_VERSION = "";
				GCC_WARN_ABOUT_RETURN_TYPE = YES;
				GCC_WARN_UNDECLARED_SELECTOR = YES;
				GCC_WARN_UNINITIALIZED_AUTOS = YES;
				GCC_WARN_UNUSED_FUNCTION = YES;
				GCC_WARN_UNUSED_VARIABLE = YES;
				ONLY_ACTIVE_ARCH = YES;
				SDKROOT = iphoneos;
				SKIP_INSTALL = NO;
			};
			name = Debug;
		};
		C01FCF5008A954540054247B /* Release */ = {
			isa = XCBuildConfiguration;
			baseConfigurationReference = 3047A5111AB8059700498E2A /* build.xcconfig */;
			buildSettings = {
				CLANG_ENABLE_MODULES = YES;
				CLANG_ENABLE_OBJC_ARC = YES;
				CLANG_WARN_BOOL_CONVERSION = YES;
				CLANG_WARN_CONSTANT_CONVERSION = YES;
				CLANG_WARN_EMPTY_BODY = YES;
				CLANG_WARN_ENUM_CONVERSION = YES;
				CLANG_WARN_INT_CONVERSION = YES;
				CLANG_WARN__DUPLICATE_METHOD_MATCH = YES;
				GCC_C_LANGUAGE_STANDARD = c99;
				GCC_THUMB_SUPPORT = NO;
				GCC_VERSION = "";
				GCC_WARN_ABOUT_RETURN_TYPE = YES;
				GCC_WARN_UNDECLARED_SELECTOR = YES;
				GCC_WARN_UNINITIALIZED_AUTOS = YES;
				GCC_WARN_UNUSED_FUNCTION = YES;
				GCC_WARN_UNUSED_VARIABLE = YES;
				SDKROOT = iphoneos;
				SKIP_INSTALL = NO;
			};
			name = Release;
		};
/* End XCBuildConfiguration section */

/* Begin XCConfigurationList section */
		1D6058960D05DD3E006BFB54 /* Build configuration list for PBXNativeTarget "VoiceUp" */ = {
			isa = XCConfigurationList;
			buildConfigurations = (
				1D6058940D05DD3E006BFB54 /* Debug */,
				1D6058950D05DD3E006BFB54 /* Release */,
			);
			defaultConfigurationIsVisible = 0;
			defaultConfigurationName = Release;
		};
		C01FCF4E08A954540054247B /* Build configuration list for PBXProject "__NON-CLI__" */ = {
			isa = XCConfigurationList;
			buildConfigurations = (
				C01FCF4F08A954540054247B /* Debug */,
				C01FCF5008A954540054247B /* Release */,
			);
			defaultConfigurationIsVisible = 0;
			defaultConfigurationName = Release;
		};
/* End XCConfigurationList section */
	};
	rootObject = 29B97313FDCFA39411CA2CEA /* Project object */;
}
