// !$*UTF8*$!
{
	archiveVersion = 1;
	classes = {
	};
	objectVersion = 46;
	objects = {

/* Begin PBXBuildFile section */
		0047F0E823CC455CACF9632C /* CDVFileTransfer.m in Sources */ = {isa = PBXBuildFile; fileRef = 78E01533AA934DAFB5E7FF98 /* CDVFileTransfer.m */; };
		00695BAC51C7475D8B3F75BE /* CDVCapture.bundle in Resources */ = {isa = PBXBuildFile; fileRef = 459EDB1FEED54F869FF43CAF /* CDVCapture.bundle */; };
		0207DA581B56EA530066E2B4 /* Images.xcassets in Resources */ = {isa = PBXBuildFile; fileRef = 0207DA571B56EA530066E2B4 /* Images.xcassets */; };
		05169360FDC74EC6A65D3BE5 /* MessageUI.framework in Frameworks */ = {isa = PBXBuildFile; fileRef = 79F7EDB67D0E4F2894B81708 /* MessageUI.framework */; };
		08DFED0856C34DE7A119BCC1 /* CDVSplashScreen.m in Sources */ = {isa = PBXBuildFile; fileRef = 6EB4592956404BB384B01903 /* CDVSplashScreen.m */; };
		0FD29D2397104CF8BB1AE60C /* APPEmailComposerImpl.m in Sources */ = {isa = PBXBuildFile; fileRef = 60CDCCAC5E384CD7A0C8A4A8 /* APPEmailComposerImpl.m */; };
		18F25B4602CC40F6BAE13882 /* CoreLocation.framework in Frameworks */ = {isa = PBXBuildFile; fileRef = F289D741007646FB969F25A8 /* CoreLocation.framework */; };
		1D3623260D0F684500981E51 /* AppDelegate.m in Sources */ = {isa = PBXBuildFile; fileRef = 1D3623250D0F684500981E51 /* AppDelegate.m */; };
		1D60589B0D05DD56006BFB54 /* main.m in Sources */ = {isa = PBXBuildFile; fileRef = 29B97316FDCFA39411CA2CEA /* main.m */; };
		2029F996CF174F54982B0CE0 /* APPLocalNotificationOptions.m in Sources */ = {isa = PBXBuildFile; fileRef = 1460B3952D2F4C1DAD648060 /* APPLocalNotificationOptions.m */; };
		2C1E6CF4E7CC455CA3C5FD0B /* DatePicker.xib in Resources */ = {isa = PBXBuildFile; fileRef = E08A6C9F4748448183E0D5C1 /* DatePicker.xib */; };
		301BF552109A68D80062928A /* libCordova.a in Frameworks */ = {isa = PBXBuildFile; fileRef = 301BF535109A57CC0062928A /* libCordova.a */; };
		302D95F114D2391D003F00A1 /* MainViewController.m in Sources */ = {isa = PBXBuildFile; fileRef = 302D95EF14D2391D003F00A1 /* MainViewController.m */; };
		302D95F214D2391D003F00A1 /* MainViewController.xib in Resources */ = {isa = PBXBuildFile; fileRef = 302D95F014D2391D003F00A1 /* MainViewController.xib */; };
		48D693B59FE4488B973E7574 /* CDVCapture.m in Sources */ = {isa = PBXBuildFile; fileRef = DCF4B3D2C2BD4E388591ABC5 /* CDVCapture.m */; };
		4E56281DA21643408223F640 /* APPEmailComposer.m in Sources */ = {isa = PBXBuildFile; fileRef = 899AFACECAEE4E50B2FF4ECD /* APPEmailComposer.m */; };
		5033E3E88DFB44EAB7E8453A /* CDVConnection.m in Sources */ = {isa = PBXBuildFile; fileRef = 7695C26C924E405DA7A914AC /* CDVConnection.m */; };
		5164C77FFD1E458487E2B24A /* DatePicker.m in Sources */ = {isa = PBXBuildFile; fileRef = D9B68662F8844BE6BF505A0C /* DatePicker.m */; };
		51FCC605164147EB980A5B49 /* CDVReachability.m in Sources */ = {isa = PBXBuildFile; fileRef = BFC009DF1FC241AD9AE23A92 /* CDVReachability.m */; };
		5392D66399F94199A723309C /* CDVLogger.m in Sources */ = {isa = PBXBuildFile; fileRef = 6D5851C40E9B43B78DCB527D /* CDVLogger.m */; };
		5B4668804BA54945BE14B3B1 /* UIApplication+APPLocalNotification.m in Sources */ = {isa = PBXBuildFile; fileRef = 6656FB99929A4A6FB9D027A7 /* UIApplication+APPLocalNotification.m */; };
		5ED391C7F1E3455992EE3188 /* APPLocalNotification.m in Sources */ = {isa = PBXBuildFile; fileRef = 7DA86C5C1A9E4574943ACD6D /* APPLocalNotification.m */; };
		6EF1E2367D4D4188ACE677C7 /* CDVAssetLibraryFilesystem.m in Sources */ = {isa = PBXBuildFile; fileRef = 439EACA71F504C07AE1C3FB0 /* CDVAssetLibraryFilesystem.m */; };
		7E3E306BB35041EDB5603643 /* Photos.framework in Frameworks */ = {isa = PBXBuildFile; fileRef = 0322DBBBA72A4CF99D538F57 /* Photos.framework */; };
		916CA2BC12E8411D8F948301 /* CDVFile.m in Sources */ = {isa = PBXBuildFile; fileRef = 2828C3AC45844D55B4439BEA /* CDVFile.m */; };
		9CD2873A8C8E47978E2A73EB /* AVFoundation.framework in Frameworks */ = {isa = PBXBuildFile; fileRef = D41EB9F4501D4252982CC4AF /* AVFoundation.framework */; };
		9E11253FE2164A23A02BF570 /* CoreBluetooth.framework in Frameworks */ = {isa = PBXBuildFile; fileRef = DE8604754F054252B10DF22E /* CoreBluetooth.framework */; };
		A0E8363673BC40A8BFAA462B /* CoreMotion.framework in Frameworks */ = {isa = PBXBuildFile; fileRef = E8E2A572FBF74D1284AE6B67 /* CoreMotion.framework */; };
		A52EE475F033402FB8876477 /* AppDelegate+APPAppEvent.m in Sources */ = {isa = PBXBuildFile; fileRef = 7A91D44F64804257A909F134 /* AppDelegate+APPAppEvent.m */; };
		B3FB6A927E0E4165BAEE8263 /* CDVLocalFilesystem.m in Sources */ = {isa = PBXBuildFile; fileRef = 0BDFDC342EAB43BC8045F0AD /* CDVLocalFilesystem.m */; };
		B791506999EA4B1794362D80 /* UILocalNotification+APPLocalNotification.m in Sources */ = {isa = PBXBuildFile; fileRef = 0CBEA22D85A4405D99502BA1 /* UILocalNotification+APPLocalNotification.m */; };
		BA02EEE257884F43AD79AE19 /* CDVPlugin+APPAppEvent.m in Sources */ = {isa = PBXBuildFile; fileRef = 65C738EE73B045249F07AE0B /* CDVPlugin+APPAppEvent.m */; };
		BEF65E07E869478FA1052556 /* SystemConfiguration.framework in Frameworks */ = {isa = PBXBuildFile; fileRef = 24B25C4898464C8AB9660524 /* SystemConfiguration.framework */; settings = {ATTRIBUTES = (Weak, ); }; };
		C11C6CD575D74C658899108C /* CDVViewController+SplashScreen.m in Sources */ = {isa = PBXBuildFile; fileRef = 57714C17FD81425B8E4CD1A0 /* CDVViewController+SplashScreen.m */; };
		D717EF9709204E32828334FE /* CDVLocation.m in Sources */ = {isa = PBXBuildFile; fileRef = 13E7A465BF3B45BAA7770C9E /* CDVLocation.m */; };
		D950FAEF5DD24B5CB191C1C5 /* CoreTelephony.framework in Frameworks */ = {isa = PBXBuildFile; fileRef = D1558A211074441A840B95C6 /* CoreTelephony.framework */; };
		DABF6C3AF5EC4A7798EFA5F8 /* AppVersion.m in Sources */ = {isa = PBXBuildFile; fileRef = 991136CFFAFF4BBCBB01217A /* AppVersion.m */; };
		E6066B804A3F49CE809AA5B8 /* CDVSound.m in Sources */ = {isa = PBXBuildFile; fileRef = 67DDC47B08844928B2A51E82 /* CDVSound.m */; };
		F27874A7DCE845C4AC208C7C /* CDVAccelerometer.m in Sources */ = {isa = PBXBuildFile; fileRef = 7DE17F9AA9E6414E9D5B0F4E /* CDVAccelerometer.m */; };
		FA68028F94C64C7488194DE7 /* Diagnostic.m in Sources */ = {isa = PBXBuildFile; fileRef = 0D3A6C8BB9164C0FA476932E /* Diagnostic.m */; };
		FD43E84243264FA7ABE41148 /* CDVDevice.m in Sources */ = {isa = PBXBuildFile; fileRef = C6D712C0ABDF42F1A41B26F7 /* CDVDevice.m */; };
/* End PBXBuildFile section */

/* Begin PBXContainerItemProxy section */
		301BF534109A57CC0062928A /* PBXContainerItemProxy */ = {
			isa = PBXContainerItemProxy;
			containerPortal = 301BF52D109A57CC0062928A /* CordovaLib.xcodeproj */;
			proxyType = 2;
			remoteGlobalIDString = D2AAC07E0554694100DB518D;
			remoteInfo = CordovaLib;
		};
		301BF550109A68C00062928A /* PBXContainerItemProxy */ = {
			isa = PBXContainerItemProxy;
			containerPortal = 301BF52D109A57CC0062928A /* CordovaLib.xcodeproj */;
			proxyType = 1;
			remoteGlobalIDString = D2AAC07D0554694100DB518D;
			remoteInfo = CordovaLib;
		};
/* End PBXContainerItemProxy section */

/* Begin PBXFileReference section */
		0207DA571B56EA530066E2B4 /* Images.xcassets */ = {isa = PBXFileReference; lastKnownFileType = folder.assetcatalog; name = Images.xcassets; path = VoiceUp/Images.xcassets; sourceTree = SOURCE_ROOT; };
		0322DBBBA72A4CF99D538F57 /* Photos.framework */ = {isa = PBXFileReference; explicitFileType = undefined; fileEncoding = 9; includeInIndex = 0; lastKnownFileType = wrapper.framework; name = Photos.framework; path = System/Library/Frameworks/Photos.framework; sourceTree = SDKROOT; };
		0BDFDC342EAB43BC8045F0AD /* CDVLocalFilesystem.m */ = {isa = PBXFileReference; explicitFileType = undefined; fileEncoding = 4; includeInIndex = 0; lastKnownFileType = sourcecode.c.objc; name = CDVLocalFilesystem.m; path = "cordova-plugin-file/CDVLocalFilesystem.m"; sourceTree = "<group>"; };
		0CBEA22D85A4405D99502BA1 /* UILocalNotification+APPLocalNotification.m */ = {isa = PBXFileReference; explicitFileType = undefined; fileEncoding = 4; includeInIndex = 0; lastKnownFileType = sourcecode.c.objc; name = "UILocalNotification+APPLocalNotification.m"; path = "de.appplant.cordova.plugin.local-notification/UILocalNotification+APPLocalNotification.m"; sourceTree = "<group>"; };
		0D3A6C8BB9164C0FA476932E /* Diagnostic.m */ = {isa = PBXFileReference; explicitFileType = undefined; fileEncoding = 4; includeInIndex = 0; lastKnownFileType = sourcecode.c.objc; name = Diagnostic.m; path = "cordova.plugins.diagnostic.api-22/Diagnostic.m"; sourceTree = "<group>"; };
		13E7A465BF3B45BAA7770C9E /* CDVLocation.m */ = {isa = PBXFileReference; explicitFileType = undefined; fileEncoding = 4; includeInIndex = 0; lastKnownFileType = sourcecode.c.objc; name = CDVLocation.m; path = "cordova-plugin-geolocation/CDVLocation.m"; sourceTree = "<group>"; };
		1460B3952D2F4C1DAD648060 /* APPLocalNotificationOptions.m */ = {isa = PBXFileReference; explicitFileType = undefined; fileEncoding = 4; includeInIndex = 0; lastKnownFileType = sourcecode.c.objc; name = APPLocalNotificationOptions.m; path = "de.appplant.cordova.plugin.local-notification/APPLocalNotificationOptions.m"; sourceTree = "<group>"; };
		14DEAECBEF9A4F9CA614490C /* APPLocalNotificationOptions.h */ = {isa = PBXFileReference; explicitFileType = undefined; fileEncoding = 4; includeInIndex = 0; lastKnownFileType = sourcecode.c.h; name = APPLocalNotificationOptions.h; path = "de.appplant.cordova.plugin.local-notification/APPLocalNotificationOptions.h"; sourceTree = "<group>"; };
		179191F339E04AB5BF83AC22 /* Diagnostic.h */ = {isa = PBXFileReference; explicitFileType = undefined; fileEncoding = 4; includeInIndex = 0; lastKnownFileType = sourcecode.c.h; name = Diagnostic.h; path = "cordova.plugins.diagnostic.api-22/Diagnostic.h"; sourceTree = "<group>"; };
		1D3623240D0F684500981E51 /* AppDelegate.h */ = {isa = PBXFileReference; fileEncoding = 4; lastKnownFileType = sourcecode.c.h; path = AppDelegate.h; sourceTree = "<group>"; };
		1D3623250D0F684500981E51 /* AppDelegate.m */ = {isa = PBXFileReference; fileEncoding = 4; lastKnownFileType = sourcecode.c.objc; path = AppDelegate.m; sourceTree = "<group>"; };
		1D6058910D05DD3D006BFB54 /* VoiceUp.app */ = {isa = PBXFileReference; explicitFileType = wrapper.application; includeInIndex = 0; path = VoiceUp.app; sourceTree = BUILT_PRODUCTS_DIR; };
		1FCCB67C0ADB4FB29B7F4738 /* DatePicker.h */ = {isa = PBXFileReference; explicitFileType = undefined; fileEncoding = 4; includeInIndex = 0; lastKnownFileType = sourcecode.c.h; name = DatePicker.h; path = "cordova-plugin-datepicker/DatePicker.h"; sourceTree = "<group>"; };
		20D9D1F69F4C4C5BBBFEEDB5 /* CDVAssetLibraryFilesystem.h */ = {isa = PBXFileReference; explicitFileType = undefined; fileEncoding = 4; includeInIndex = 0; lastKnownFileType = sourcecode.c.h; name = CDVAssetLibraryFilesystem.h; path = "cordova-plugin-file/CDVAssetLibraryFilesystem.h"; sourceTree = "<group>"; };
		24B25C4898464C8AB9660524 /* SystemConfiguration.framework */ = {isa = PBXFileReference; explicitFileType = undefined; fileEncoding = 9; includeInIndex = 0; lastKnownFileType = wrapper.framework; name = SystemConfiguration.framework; path = System/Library/Frameworks/SystemConfiguration.framework; sourceTree = SDKROOT; };
		25379D09A2414A6DAAA88A9B /* CDVReachability.h */ = {isa = PBXFileReference; explicitFileType = undefined; fileEncoding = 4; includeInIndex = 0; lastKnownFileType = sourcecode.c.h; name = CDVReachability.h; path = "cordova-plugin-network-information/CDVReachability.h"; sourceTree = "<group>"; };
		2828C3AC45844D55B4439BEA /* CDVFile.m */ = {isa = PBXFileReference; explicitFileType = undefined; fileEncoding = 4; includeInIndex = 0; lastKnownFileType = sourcecode.c.objc; name = CDVFile.m; path = "cordova-plugin-file/CDVFile.m"; sourceTree = "<group>"; };
		29B97316FDCFA39411CA2CEA /* main.m */ = {isa = PBXFileReference; fileEncoding = 4; lastKnownFileType = sourcecode.c.objc; path = main.m; sourceTree = "<group>"; };
		301BF52D109A57CC0062928A /* CordovaLib.xcodeproj */ = {isa = PBXFileReference; lastKnownFileType = "wrapper.pb-project"; name = CordovaLib.xcodeproj; path = CordovaLib/CordovaLib.xcodeproj; sourceTree = "<group>"; };
		301BF56E109A69640062928A /* www */ = {isa = PBXFileReference; lastKnownFileType = folder; path = www; sourceTree = SOURCE_ROOT; };
		302D95EE14D2391D003F00A1 /* MainViewController.h */ = {isa = PBXFileReference; fileEncoding = 4; lastKnownFileType = sourcecode.c.h; path = MainViewController.h; sourceTree = "<group>"; };
		302D95EF14D2391D003F00A1 /* MainViewController.m */ = {isa = PBXFileReference; fileEncoding = 4; lastKnownFileType = sourcecode.c.objc; path = MainViewController.m; sourceTree = "<group>"; };
		302D95F014D2391D003F00A1 /* MainViewController.xib */ = {isa = PBXFileReference; fileEncoding = 4; lastKnownFileType = file.xib; path = MainViewController.xib; sourceTree = "<group>"; };
		3047A50F1AB8059700498E2A /* build-debug.xcconfig */ = {isa = PBXFileReference; fileEncoding = 4; lastKnownFileType = text.xcconfig; name = "build-debug.xcconfig"; path = "cordova/build-debug.xcconfig"; sourceTree = SOURCE_ROOT; };
		3047A5101AB8059700498E2A /* build-release.xcconfig */ = {isa = PBXFileReference; fileEncoding = 4; lastKnownFileType = text.xcconfig; name = "build-release.xcconfig"; path = "cordova/build-release.xcconfig"; sourceTree = SOURCE_ROOT; };
		3047A5111AB8059700498E2A /* build.xcconfig */ = {isa = PBXFileReference; fileEncoding = 4; lastKnownFileType = text.xcconfig; name = build.xcconfig; path = cordova/build.xcconfig; sourceTree = SOURCE_ROOT; };
		32CA4F630368D1EE00C91783 /* VoiceUp-Prefix.pch */ = {isa = PBXFileReference; fileEncoding = 4; lastKnownFileType = sourcecode.c.h; path = "VoiceUp-Prefix.pch"; sourceTree = "<group>"; };
		3DA9F986CF8848A5BC520CFE /* UIApplication+APPLocalNotification.h */ = {isa = PBXFileReference; explicitFileType = undefined; fileEncoding = 4; includeInIndex = 0; lastKnownFileType = sourcecode.c.h; name = "UIApplication+APPLocalNotification.h"; path = "de.appplant.cordova.plugin.local-notification/UIApplication+APPLocalNotification.h"; sourceTree = "<group>"; };
		439EACA71F504C07AE1C3FB0 /* CDVAssetLibraryFilesystem.m */ = {isa = PBXFileReference; explicitFileType = undefined; fileEncoding = 4; includeInIndex = 0; lastKnownFileType = sourcecode.c.objc; name = CDVAssetLibraryFilesystem.m; path = "cordova-plugin-file/CDVAssetLibraryFilesystem.m"; sourceTree = "<group>"; };
		459EDB1FEED54F869FF43CAF /* CDVCapture.bundle */ = {isa = PBXFileReference; explicitFileType = undefined; fileEncoding = 9; includeInIndex = 0; lastKnownFileType = "wrapper.plug-in"; path = CDVCapture.bundle; sourceTree = "<group>"; };
		57714C17FD81425B8E4CD1A0 /* CDVViewController+SplashScreen.m */ = {isa = PBXFileReference; explicitFileType = undefined; fileEncoding = 4; includeInIndex = 0; lastKnownFileType = sourcecode.c.objc; name = "CDVViewController+SplashScreen.m"; path = "cordova-plugin-splashscreen/CDVViewController+SplashScreen.m"; sourceTree = "<group>"; };
		60CDCCAC5E384CD7A0C8A4A8 /* APPEmailComposerImpl.m */ = {isa = PBXFileReference; explicitFileType = undefined; fileEncoding = 4; includeInIndex = 0; lastKnownFileType = sourcecode.c.objc; name = APPEmailComposerImpl.m; path = "cordova-plugin-email-composer/APPEmailComposerImpl.m"; sourceTree = "<group>"; };
		6270952B845848288ED0E7C6 /* CDVLocation.h */ = {isa = PBXFileReference; explicitFileType = undefined; fileEncoding = 4; includeInIndex = 0; lastKnownFileType = sourcecode.c.h; name = CDVLocation.h; path = "cordova-plugin-geolocation/CDVLocation.h"; sourceTree = "<group>"; };
		64A4EF86152447F9B16061C5 /* CDVLogger.h */ = {isa = PBXFileReference; explicitFileType = undefined; fileEncoding = 4; includeInIndex = 0; lastKnownFileType = sourcecode.c.h; name = CDVLogger.h; path = "cordova-plugin-console/CDVLogger.h"; sourceTree = "<group>"; };
		65C738EE73B045249F07AE0B /* CDVPlugin+APPAppEvent.m */ = {isa = PBXFileReference; explicitFileType = undefined; fileEncoding = 4; includeInIndex = 0; lastKnownFileType = sourcecode.c.objc; name = "CDVPlugin+APPAppEvent.m"; path = "cordova-plugin-app-event/CDVPlugin+APPAppEvent.m"; sourceTree = "<group>"; };
		6656FB99929A4A6FB9D027A7 /* UIApplication+APPLocalNotification.m */ = {isa = PBXFileReference; explicitFileType = undefined; fileEncoding = 4; includeInIndex = 0; lastKnownFileType = sourcecode.c.objc; name = "UIApplication+APPLocalNotification.m"; path = "de.appplant.cordova.plugin.local-notification/UIApplication+APPLocalNotification.m"; sourceTree = "<group>"; };
		66592734BBB846679AB03568 /* AppVersion.h */ = {isa = PBXFileReference; explicitFileType = undefined; fileEncoding = 4; includeInIndex = 0; lastKnownFileType = sourcecode.c.h; name = AppVersion.h; path = "cordova-plugin-app-version/AppVersion.h"; sourceTree = "<group>"; };
		67DDC47B08844928B2A51E82 /* CDVSound.m */ = {isa = PBXFileReference; explicitFileType = undefined; fileEncoding = 4; includeInIndex = 0; lastKnownFileType = sourcecode.c.objc; name = CDVSound.m; path = "cordova-plugin-media/CDVSound.m"; sourceTree = "<group>"; };
		6D5851C40E9B43B78DCB527D /* CDVLogger.m */ = {isa = PBXFileReference; explicitFileType = undefined; fileEncoding = 4; includeInIndex = 0; lastKnownFileType = sourcecode.c.objc; name = CDVLogger.m; path = "cordova-plugin-console/CDVLogger.m"; sourceTree = "<group>"; };
		6D830F1683384C7BA2A57CD5 /* CDVCapture.h */ = {isa = PBXFileReference; explicitFileType = undefined; fileEncoding = 4; includeInIndex = 0; lastKnownFileType = sourcecode.c.h; name = CDVCapture.h; path = "cordova-plugin-media-capture/CDVCapture.h"; sourceTree = "<group>"; };
		6E49E43E711B45ABA0AE5899 /* CDVAccelerometer.h */ = {isa = PBXFileReference; explicitFileType = undefined; fileEncoding = 4; includeInIndex = 0; lastKnownFileType = sourcecode.c.h; name = CDVAccelerometer.h; path = "cordova-plugin-device-motion/CDVAccelerometer.h"; sourceTree = "<group>"; };
		6EB4592956404BB384B01903 /* CDVSplashScreen.m */ = {isa = PBXFileReference; explicitFileType = undefined; fileEncoding = 4; includeInIndex = 0; lastKnownFileType = sourcecode.c.objc; name = CDVSplashScreen.m; path = "cordova-plugin-splashscreen/CDVSplashScreen.m"; sourceTree = "<group>"; };
		7695C26C924E405DA7A914AC /* CDVConnection.m */ = {isa = PBXFileReference; explicitFileType = undefined; fileEncoding = 4; includeInIndex = 0; lastKnownFileType = sourcecode.c.objc; name = CDVConnection.m; path = "cordova-plugin-network-information/CDVConnection.m"; sourceTree = "<group>"; };
		77F6524615A4411386092E2B /* CDVFile.h */ = {isa = PBXFileReference; explicitFileType = undefined; fileEncoding = 4; includeInIndex = 0; lastKnownFileType = sourcecode.c.h; name = CDVFile.h; path = "cordova-plugin-file/CDVFile.h"; sourceTree = "<group>"; };
		78E01533AA934DAFB5E7FF98 /* CDVFileTransfer.m */ = {isa = PBXFileReference; explicitFileType = undefined; fileEncoding = 4; includeInIndex = 0; lastKnownFileType = sourcecode.c.objc; name = CDVFileTransfer.m; path = "cordova-plugin-file-transfer/CDVFileTransfer.m"; sourceTree = "<group>"; };
		79F7EDB67D0E4F2894B81708 /* MessageUI.framework */ = {isa = PBXFileReference; explicitFileType = undefined; fileEncoding = 9; includeInIndex = 0; lastKnownFileType = wrapper.framework; name = MessageUI.framework; path = System/Library/Frameworks/MessageUI.framework; sourceTree = SDKROOT; };
		7A91D44F64804257A909F134 /* AppDelegate+APPAppEvent.m */ = {isa = PBXFileReference; explicitFileType = undefined; fileEncoding = 4; includeInIndex = 0; lastKnownFileType = sourcecode.c.objc; name = "AppDelegate+APPAppEvent.m"; path = "cordova-plugin-app-event/AppDelegate+APPAppEvent.m"; sourceTree = "<group>"; };
		7CB80ACE1D28455BBEC86AD5 /* CDVLocalFilesystem.h */ = {isa = PBXFileReference; explicitFileType = undefined; fileEncoding = 4; includeInIndex = 0; lastKnownFileType = sourcecode.c.h; name = CDVLocalFilesystem.h; path = "cordova-plugin-file/CDVLocalFilesystem.h"; sourceTree = "<group>"; };
		7DA86C5C1A9E4574943ACD6D /* APPLocalNotification.m */ = {isa = PBXFileReference; explicitFileType = undefined; fileEncoding = 4; includeInIndex = 0; lastKnownFileType = sourcecode.c.objc; name = APPLocalNotification.m; path = "de.appplant.cordova.plugin.local-notification/APPLocalNotification.m"; sourceTree = "<group>"; };
		7DB66BBB40A5445D85826F21 /* CDVSound.h */ = {isa = PBXFileReference; explicitFileType = undefined; fileEncoding = 4; includeInIndex = 0; lastKnownFileType = sourcecode.c.h; name = CDVSound.h; path = "cordova-plugin-media/CDVSound.h"; sourceTree = "<group>"; };
		7DE17F9AA9E6414E9D5B0F4E /* CDVAccelerometer.m */ = {isa = PBXFileReference; explicitFileType = undefined; fileEncoding = 4; includeInIndex = 0; lastKnownFileType = sourcecode.c.objc; name = CDVAccelerometer.m; path = "cordova-plugin-device-motion/CDVAccelerometer.m"; sourceTree = "<group>"; };
		899AFACECAEE4E50B2FF4ECD /* APPEmailComposer.m */ = {isa = PBXFileReference; explicitFileType = undefined; fileEncoding = 4; includeInIndex = 0; lastKnownFileType = sourcecode.c.objc; name = APPEmailComposer.m; path = "cordova-plugin-email-composer/APPEmailComposer.m"; sourceTree = "<group>"; };
		8D1107310486CEB800E47090 /* VoiceUp-Info.plist */ = {isa = PBXFileReference; fileEncoding = 4; lastKnownFileType = text.plist.xml; name = "VoiceUp-Info.plist"; path = "VoiceUp/VoiceUp-Info.plist"; plistStructureDefinitionIdentifier = "com.apple.xcode.plist.structure-definition.iphone.info-plist"; sourceTree = SOURCE_ROOT; };
		929B81F60AAB4079962928EB /* APPAppEventDelegate.h */ = {isa = PBXFileReference; explicitFileType = undefined; fileEncoding = 4; includeInIndex = 0; lastKnownFileType = sourcecode.c.h; name = APPAppEventDelegate.h; path = "cordova-plugin-app-event/APPAppEventDelegate.h"; sourceTree = "<group>"; };
		93BF1D990CC34FE2A9FAD98C /* APPEmailComposer.h */ = {isa = PBXFileReference; explicitFileType = undefined; fileEncoding = 4; includeInIndex = 0; lastKnownFileType = sourcecode.c.h; name = APPEmailComposer.h; path = "cordova-plugin-email-composer/APPEmailComposer.h"; sourceTree = "<group>"; };
		9872C929A73745BD9EED1719 /* CDVConnection.h */ = {isa = PBXFileReference; explicitFileType = undefined; fileEncoding = 4; includeInIndex = 0; lastKnownFileType = sourcecode.c.h; name = CDVConnection.h; path = "cordova-plugin-network-information/CDVConnection.h"; sourceTree = "<group>"; };
		991136CFFAFF4BBCBB01217A /* AppVersion.m */ = {isa = PBXFileReference; explicitFileType = undefined; fileEncoding = 4; includeInIndex = 0; lastKnownFileType = sourcecode.c.objc; name = AppVersion.m; path = "cordova-plugin-app-version/AppVersion.m"; sourceTree = "<group>"; };
		9E82C25A64174BFEA50E21EE /* APPLocalNotification.h */ = {isa = PBXFileReference; explicitFileType = undefined; fileEncoding = 4; includeInIndex = 0; lastKnownFileType = sourcecode.c.h; name = APPLocalNotification.h; path = "de.appplant.cordova.plugin.local-notification/APPLocalNotification.h"; sourceTree = "<group>"; };
		A60A041F6EFF4E7287C698F9 /* AppDelegate+APPAppEvent.h */ = {isa = PBXFileReference; explicitFileType = undefined; fileEncoding = 4; includeInIndex = 0; lastKnownFileType = sourcecode.c.h; name = "AppDelegate+APPAppEvent.h"; path = "cordova-plugin-app-event/AppDelegate+APPAppEvent.h"; sourceTree = "<group>"; };
		AA1ADEA1BBD642768F277237 /* CDVFileTransfer.h */ = {isa = PBXFileReference; explicitFileType = undefined; fileEncoding = 4; includeInIndex = 0; lastKnownFileType = sourcecode.c.h; name = CDVFileTransfer.h; path = "cordova-plugin-file-transfer/CDVFileTransfer.h"; sourceTree = "<group>"; };
		B1B275B2776241929E12E508 /* UILocalNotification+APPLocalNotification.h */ = {isa = PBXFileReference; explicitFileType = undefined; fileEncoding = 4; includeInIndex = 0; lastKnownFileType = sourcecode.c.h; name = "UILocalNotification+APPLocalNotification.h"; path = "de.appplant.cordova.plugin.local-notification/UILocalNotification+APPLocalNotification.h"; sourceTree = "<group>"; };
		BA20864F8AA0469E9F998BF4 /* CDVDevice.h */ = {isa = PBXFileReference; explicitFileType = undefined; fileEncoding = 4; includeInIndex = 0; lastKnownFileType = sourcecode.c.h; name = CDVDevice.h; path = "cordova-plugin-device/CDVDevice.h"; sourceTree = "<group>"; };
		BFC009DF1FC241AD9AE23A92 /* CDVReachability.m */ = {isa = PBXFileReference; explicitFileType = undefined; fileEncoding = 4; includeInIndex = 0; lastKnownFileType = sourcecode.c.objc; name = CDVReachability.m; path = "cordova-plugin-network-information/CDVReachability.m"; sourceTree = "<group>"; };
		C6D712C0ABDF42F1A41B26F7 /* CDVDevice.m */ = {isa = PBXFileReference; explicitFileType = undefined; fileEncoding = 4; includeInIndex = 0; lastKnownFileType = sourcecode.c.objc; name = CDVDevice.m; path = "cordova-plugin-device/CDVDevice.m"; sourceTree = "<group>"; };
		D1558A211074441A840B95C6 /* CoreTelephony.framework */ = {isa = PBXFileReference; explicitFileType = undefined; fileEncoding = 9; includeInIndex = 0; lastKnownFileType = wrapper.framework; name = CoreTelephony.framework; path = System/Library/Frameworks/CoreTelephony.framework; sourceTree = SDKROOT; };
		D17C85D96E7744A3B34F2F69 /* CDVViewController+SplashScreen.h */ = {isa = PBXFileReference; explicitFileType = undefined; fileEncoding = 4; includeInIndex = 0; lastKnownFileType = sourcecode.c.h; name = "CDVViewController+SplashScreen.h"; path = "cordova-plugin-splashscreen/CDVViewController+SplashScreen.h"; sourceTree = "<group>"; };
		D41EB9F4501D4252982CC4AF /* AVFoundation.framework */ = {isa = PBXFileReference; explicitFileType = undefined; fileEncoding = 9; includeInIndex = 0; lastKnownFileType = wrapper.framework; name = AVFoundation.framework; path = System/Library/Frameworks/AVFoundation.framework; sourceTree = SDKROOT; };
		D9B68662F8844BE6BF505A0C /* DatePicker.m */ = {isa = PBXFileReference; explicitFileType = undefined; fileEncoding = 4; includeInIndex = 0; lastKnownFileType = sourcecode.c.objc; name = DatePicker.m; path = "cordova-plugin-datepicker/DatePicker.m"; sourceTree = "<group>"; };
		DCF4B3D2C2BD4E388591ABC5 /* CDVCapture.m */ = {isa = PBXFileReference; explicitFileType = undefined; fileEncoding = 4; includeInIndex = 0; lastKnownFileType = sourcecode.c.objc; name = CDVCapture.m; path = "cordova-plugin-media-capture/CDVCapture.m"; sourceTree = "<group>"; };
		DE8604754F054252B10DF22E /* CoreBluetooth.framework */ = {isa = PBXFileReference; explicitFileType = undefined; fileEncoding = 9; includeInIndex = 0; lastKnownFileType = wrapper.framework; name = CoreBluetooth.framework; path = System/Library/Frameworks/CoreBluetooth.framework; sourceTree = SDKROOT; };
		E08A6C9F4748448183E0D5C1 /* DatePicker.xib */ = {isa = PBXFileReference; explicitFileType = undefined; fileEncoding = 9; includeInIndex = 0; lastKnownFileType = file.xib; path = DatePicker.xib; sourceTree = "<group>"; };
		E34C5AE9D2AC4CF0A646D296 /* APPEmailComposerImpl.h */ = {isa = PBXFileReference; explicitFileType = undefined; fileEncoding = 4; includeInIndex = 0; lastKnownFileType = sourcecode.c.h; name = APPEmailComposerImpl.h; path = "cordova-plugin-email-composer/APPEmailComposerImpl.h"; sourceTree = "<group>"; };
		E8E2A572FBF74D1284AE6B67 /* CoreMotion.framework */ = {isa = PBXFileReference; explicitFileType = undefined; fileEncoding = 9; includeInIndex = 0; lastKnownFileType = wrapper.framework; name = CoreMotion.framework; path = System/Library/Frameworks/CoreMotion.framework; sourceTree = SDKROOT; };
		EB2667408AAF470C85DF7CC8 /* CDVSplashScreen.h */ = {isa = PBXFileReference; explicitFileType = undefined; fileEncoding = 4; includeInIndex = 0; lastKnownFileType = sourcecode.c.h; name = CDVSplashScreen.h; path = "cordova-plugin-splashscreen/CDVSplashScreen.h"; sourceTree = "<group>"; };
		EB87FDF31871DA8E0020F90C /* www */ = {isa = PBXFileReference; lastKnownFileType = folder; name = www; path = ../../www; sourceTree = "<group>"; };
		EB87FDF41871DAF40020F90C /* config.xml */ = {isa = PBXFileReference; lastKnownFileType = text.xml; name = config.xml; path = ../../config.xml; sourceTree = "<group>"; };
		ECADC7D79DEF4786AC4C9EE5 /* CDVPlugin+APPAppEvent.h */ = {isa = PBXFileReference; explicitFileType = undefined; fileEncoding = 4; includeInIndex = 0; lastKnownFileType = sourcecode.c.h; name = "CDVPlugin+APPAppEvent.h"; path = "cordova-plugin-app-event/CDVPlugin+APPAppEvent.h"; sourceTree = "<group>"; };
		ED33DF2A687741AEAF9F8254 /* Bridging-Header.h */ = {isa = PBXFileReference; fileEncoding = 4; lastKnownFileType = sourcecode.c.h; path = "Bridging-Header.h"; sourceTree = "<group>"; };
		F289D741007646FB969F25A8 /* CoreLocation.framework */ = {isa = PBXFileReference; explicitFileType = undefined; fileEncoding = 9; includeInIndex = 0; lastKnownFileType = wrapper.framework; name = CoreLocation.framework; path = System/Library/Frameworks/CoreLocation.framework; sourceTree = SDKROOT; };
		F840E1F0165FE0F500CFE078 /* config.xml */ = {isa = PBXFileReference; lastKnownFileType = text.xml; name = config.xml; path = VoiceUp/config.xml; sourceTree = "<group>"; };
/* End PBXFileReference section */

/* Begin PBXFrameworksBuildPhase section */
		1D60588F0D05DD3D006BFB54 /* Frameworks */ = {
			isa = PBXFrameworksBuildPhase;
			buildActionMask = 2147483647;
			files = (
				301BF552109A68D80062928A /* libCordova.a in Frameworks */,
				A0E8363673BC40A8BFAA462B /* CoreMotion.framework in Frameworks */,
				05169360FDC74EC6A65D3BE5 /* MessageUI.framework in Frameworks */,
				18F25B4602CC40F6BAE13882 /* CoreLocation.framework in Frameworks */,
				BEF65E07E869478FA1052556 /* SystemConfiguration.framework in Frameworks */,
				D950FAEF5DD24B5CB191C1C5 /* CoreTelephony.framework in Frameworks */,
				9E11253FE2164A23A02BF570 /* CoreBluetooth.framework in Frameworks */,
				9CD2873A8C8E47978E2A73EB /* AVFoundation.framework in Frameworks */,
				7E3E306BB35041EDB5603643 /* Photos.framework in Frameworks */,
			);
			runOnlyForDeploymentPostprocessing = 0;
		};
/* End PBXFrameworksBuildPhase section */

/* Begin PBXGroup section */
		080E96DDFE201D6D7F000001 /* Classes */ = {
			isa = PBXGroup;
			children = (
				302D95EE14D2391D003F00A1 /* MainViewController.h */,
				302D95EF14D2391D003F00A1 /* MainViewController.m */,
				302D95F014D2391D003F00A1 /* MainViewController.xib */,
				1D3623240D0F684500981E51 /* AppDelegate.h */,
				1D3623250D0F684500981E51 /* AppDelegate.m */,
			);
			name = Classes;
			path = VoiceUp/Classes;
			sourceTree = SOURCE_ROOT;
		};
		19C28FACFE9D520D11CA2CBB /* Products */ = {
			isa = PBXGroup;
			children = (
				1D6058910D05DD3D006BFB54 /* VoiceUp.app */,
			);
			name = Products;
			sourceTree = "<group>";
		};
		29B97314FDCFA39411CA2CEA /* CustomTemplate */ = {
			isa = PBXGroup;
			children = (
				EB87FDF41871DAF40020F90C /* config.xml */,
				EB87FDF31871DA8E0020F90C /* www */,
				EB87FDF11871DA420020F90C /* Staging */,
				301BF52D109A57CC0062928A /* CordovaLib.xcodeproj */,
				080E96DDFE201D6D7F000001 /* Classes */,
				307C750510C5A3420062BCA9 /* Plugins */,
				29B97315FDCFA39411CA2CEA /* Other Sources */,
				29B97317FDCFA39411CA2CEA /* Resources */,
				29B97323FDCFA39411CA2CEA /* Frameworks */,
				19C28FACFE9D520D11CA2CBB /* Products */,
			);
			name = CustomTemplate;
			sourceTree = "<group>";
		};
		29B97315FDCFA39411CA2CEA /* Other Sources */ = {
			isa = PBXGroup;
			children = (
				32CA4F630368D1EE00C91783 /* VoiceUp-Prefix.pch */,
				29B97316FDCFA39411CA2CEA /* main.m */,
				ED33DF2A687741AEAF9F8254 /* Bridging-Header.h */,
			);
			name = "Other Sources";
			path = VoiceUp;
			sourceTree = "<group>";
		};
		29B97317FDCFA39411CA2CEA /* Resources */ = {
			isa = PBXGroup;
			children = (
				0207DA571B56EA530066E2B4 /* Images.xcassets */,
				3047A50E1AB8057F00498E2A /* config */,
				8D1107310486CEB800E47090 /* VoiceUp-Info.plist */,
				E08A6C9F4748448183E0D5C1 /* DatePicker.xib */,
				459EDB1FEED54F869FF43CAF /* CDVCapture.bundle */,
			);
			name = Resources;
			path = VoiceUp/Resources;
			sourceTree = "<group>";
		};
		29B97323FDCFA39411CA2CEA /* Frameworks */ = {
			isa = PBXGroup;
			children = (
				E8E2A572FBF74D1284AE6B67 /* CoreMotion.framework */,
				79F7EDB67D0E4F2894B81708 /* MessageUI.framework */,
				F289D741007646FB969F25A8 /* CoreLocation.framework */,
				24B25C4898464C8AB9660524 /* SystemConfiguration.framework */,
				D1558A211074441A840B95C6 /* CoreTelephony.framework */,
				DE8604754F054252B10DF22E /* CoreBluetooth.framework */,
				D41EB9F4501D4252982CC4AF /* AVFoundation.framework */,
				0322DBBBA72A4CF99D538F57 /* Photos.framework */,
			);
			name = Frameworks;
			sourceTree = "<group>";
		};
		301BF52E109A57CC0062928A /* Products */ = {
			isa = PBXGroup;
			children = (
				301BF535109A57CC0062928A /* libCordova.a */,
			);
			name = Products;
			sourceTree = "<group>";
		};
		3047A50E1AB8057F00498E2A /* config */ = {
			isa = PBXGroup;
			children = (
				3047A50F1AB8059700498E2A /* build-debug.xcconfig */,
				3047A5101AB8059700498E2A /* build-release.xcconfig */,
				3047A5111AB8059700498E2A /* build.xcconfig */,
			);
			name = config;
			sourceTree = "<group>";
		};
		307C750510C5A3420062BCA9 /* Plugins */ = {
			isa = PBXGroup;
			children = (
				7A91D44F64804257A909F134 /* AppDelegate+APPAppEvent.m */,
				65C738EE73B045249F07AE0B /* CDVPlugin+APPAppEvent.m */,
				A60A041F6EFF4E7287C698F9 /* AppDelegate+APPAppEvent.h */,
				ECADC7D79DEF4786AC4C9EE5 /* CDVPlugin+APPAppEvent.h */,
				929B81F60AAB4079962928EB /* APPAppEventDelegate.h */,
				6D5851C40E9B43B78DCB527D /* CDVLogger.m */,
				64A4EF86152447F9B16061C5 /* CDVLogger.h */,
				D9B68662F8844BE6BF505A0C /* DatePicker.m */,
				1FCCB67C0ADB4FB29B7F4738 /* DatePicker.h */,
				C6D712C0ABDF42F1A41B26F7 /* CDVDevice.m */,
				BA20864F8AA0469E9F998BF4 /* CDVDevice.h */,
				7DE17F9AA9E6414E9D5B0F4E /* CDVAccelerometer.m */,
				6E49E43E711B45ABA0AE5899 /* CDVAccelerometer.h */,
				899AFACECAEE4E50B2FF4ECD /* APPEmailComposer.m */,
				60CDCCAC5E384CD7A0C8A4A8 /* APPEmailComposerImpl.m */,
				93BF1D990CC34FE2A9FAD98C /* APPEmailComposer.h */,
				E34C5AE9D2AC4CF0A646D296 /* APPEmailComposerImpl.h */,
				2828C3AC45844D55B4439BEA /* CDVFile.m */,
				0BDFDC342EAB43BC8045F0AD /* CDVLocalFilesystem.m */,
				439EACA71F504C07AE1C3FB0 /* CDVAssetLibraryFilesystem.m */,
				77F6524615A4411386092E2B /* CDVFile.h */,
				7CB80ACE1D28455BBEC86AD5 /* CDVLocalFilesystem.h */,
				20D9D1F69F4C4C5BBBFEEDB5 /* CDVAssetLibraryFilesystem.h */,
				78E01533AA934DAFB5E7FF98 /* CDVFileTransfer.m */,
				AA1ADEA1BBD642768F277237 /* CDVFileTransfer.h */,
				13E7A465BF3B45BAA7770C9E /* CDVLocation.m */,
				6270952B845848288ED0E7C6 /* CDVLocation.h */,
				67DDC47B08844928B2A51E82 /* CDVSound.m */,
				7DB66BBB40A5445D85826F21 /* CDVSound.h */,
				DCF4B3D2C2BD4E388591ABC5 /* CDVCapture.m */,
				6D830F1683384C7BA2A57CD5 /* CDVCapture.h */,
				7695C26C924E405DA7A914AC /* CDVConnection.m */,
				BFC009DF1FC241AD9AE23A92 /* CDVReachability.m */,
				9872C929A73745BD9EED1719 /* CDVConnection.h */,
				25379D09A2414A6DAAA88A9B /* CDVReachability.h */,
				6EB4592956404BB384B01903 /* CDVSplashScreen.m */,
				57714C17FD81425B8E4CD1A0 /* CDVViewController+SplashScreen.m */,
				EB2667408AAF470C85DF7CC8 /* CDVSplashScreen.h */,
				D17C85D96E7744A3B34F2F69 /* CDVViewController+SplashScreen.h */,
				0D3A6C8BB9164C0FA476932E /* Diagnostic.m */,
				179191F339E04AB5BF83AC22 /* Diagnostic.h */,
				7DA86C5C1A9E4574943ACD6D /* APPLocalNotification.m */,
				1460B3952D2F4C1DAD648060 /* APPLocalNotificationOptions.m */,
				6656FB99929A4A6FB9D027A7 /* UIApplication+APPLocalNotification.m */,
				0CBEA22D85A4405D99502BA1 /* UILocalNotification+APPLocalNotification.m */,
				9E82C25A64174BFEA50E21EE /* APPLocalNotification.h */,
				14DEAECBEF9A4F9CA614490C /* APPLocalNotificationOptions.h */,
				3DA9F986CF8848A5BC520CFE /* UIApplication+APPLocalNotification.h */,
				B1B275B2776241929E12E508 /* UILocalNotification+APPLocalNotification.h */,
				991136CFFAFF4BBCBB01217A /* AppVersion.m */,
				66592734BBB846679AB03568 /* AppVersion.h */,
			);
			name = Plugins;
			path = VoiceUp/Plugins;
			sourceTree = SOURCE_ROOT;
		};
		EB87FDF11871DA420020F90C /* Staging */ = {
			isa = PBXGroup;
			children = (
				F840E1F0165FE0F500CFE078 /* config.xml */,
				301BF56E109A69640062928A /* www */,
			);
			name = Staging;
			sourceTree = "<group>";
		};
/* End PBXGroup section */

/* Begin PBXNativeTarget section */
		1D6058900D05DD3D006BFB54 /* VoiceUp */ = {
			isa = PBXNativeTarget;
			buildConfigurationList = 1D6058960D05DD3E006BFB54 /* Build configuration list for PBXNativeTarget "VoiceUp" */;
			buildPhases = (
				304B58A110DAC018002A0835 /* Copy www directory */,
				1D60588D0D05DD3D006BFB54 /* Resources */,
				1D60588E0D05DD3D006BFB54 /* Sources */,
				1D60588F0D05DD3D006BFB54 /* Frameworks */,
			);
			buildRules = (
			);
			dependencies = (
				301BF551109A68C00062928A /* PBXTargetDependency */,
			);
			name = VoiceUp;
			productName = VoiceUp;
			productReference = 1D6058910D05DD3D006BFB54 /* VoiceUp.app */;
			productType = "com.apple.product-type.application";
		};
/* End PBXNativeTarget section */

/* Begin PBXProject section */
		29B97313FDCFA39411CA2CEA /* Project object */ = {
			isa = PBXProject;
			attributes = {
				LastUpgradeCheck = 730;
				TargetAttributes = {
					1D6058900D05DD3D006BFB54 = {
						DevelopmentTeam = 3485DDCN2M;
					};
				};
			};
			buildConfigurationList = C01FCF4E08A954540054247B /* Build configuration list for PBXProject "VoiceUp" */;
			compatibilityVersion = "Xcode 3.2";
			developmentRegion = English;
			hasScannedForEncodings = 1;
			knownRegions = (
				en,
			);
			mainGroup = 29B97314FDCFA39411CA2CEA /* CustomTemplate */;
			projectDirPath = "";
			projectReferences = (
				{
					ProductGroup = 301BF52E109A57CC0062928A /* Products */;
					ProjectRef = 301BF52D109A57CC0062928A /* CordovaLib.xcodeproj */;
				},
			);
			projectRoot = "";
			targets = (
				1D6058900D05DD3D006BFB54 /* VoiceUp */,
			);
		};
/* End PBXProject section */

/* Begin PBXReferenceProxy section */
		301BF535109A57CC0062928A /* libCordova.a */ = {
			isa = PBXReferenceProxy;
			fileType = archive.ar;
			path = libCordova.a;
			remoteRef = 301BF534109A57CC0062928A /* PBXContainerItemProxy */;
			sourceTree = BUILT_PRODUCTS_DIR;
		};
/* End PBXReferenceProxy section */

/* Begin PBXResourcesBuildPhase section */
		1D60588D0D05DD3D006BFB54 /* Resources */ = {
			isa = PBXResourcesBuildPhase;
			buildActionMask = 2147483647;
			files = (
				302D95F214D2391D003F00A1 /* MainViewController.xib in Resources */,
				0207DA581B56EA530066E2B4 /* Images.xcassets in Resources */,
				2C1E6CF4E7CC455CA3C5FD0B /* DatePicker.xib in Resources */,
				00695BAC51C7475D8B3F75BE /* CDVCapture.bundle in Resources */,
			);
			runOnlyForDeploymentPostprocessing = 0;
		};
/* End PBXResourcesBuildPhase section */

/* Begin PBXShellScriptBuildPhase section */
		304B58A110DAC018002A0835 /* Copy www directory */ = {
			isa = PBXShellScriptBuildPhase;
			buildActionMask = 2147483647;
			files = (
			);
			inputPaths = (
			);
			name = "Copy www directory";
			outputPaths = (
			);
			runOnlyForDeploymentPostprocessing = 0;
			shellPath = /bin/sh;
			shellScript = "NODEJS_PATH=/usr/local/bin; NVM_NODE_PATH=~/.nvm/versions/node/`nvm version 2>/dev/null`/bin; N_NODE_PATH=`find /usr/local/n/versions/node/* -maxdepth 0 -type d 2>/dev/null | tail -1`/bin; XCODE_NODE_PATH=`xcode-select --print-path`/usr/share/xcs/Node/bin; PATH=$NODEJS_PATH:$NVM_NODE_PATH:$N_NODE_PATH:$XCODE_NODE_PATH:$PATH && node cordova/lib/copy-www-build-step.js";
			showEnvVarsInLog = 0;
		};
/* End PBXShellScriptBuildPhase section */

/* Begin PBXSourcesBuildPhase section */
		1D60588E0D05DD3D006BFB54 /* Sources */ = {
			isa = PBXSourcesBuildPhase;
			buildActionMask = 2147483647;
			files = (
				1D60589B0D05DD56006BFB54 /* main.m in Sources */,
				1D3623260D0F684500981E51 /* AppDelegate.m in Sources */,
				302D95F114D2391D003F00A1 /* MainViewController.m in Sources */,
				A52EE475F033402FB8876477 /* AppDelegate+APPAppEvent.m in Sources */,
				BA02EEE257884F43AD79AE19 /* CDVPlugin+APPAppEvent.m in Sources */,
				5392D66399F94199A723309C /* CDVLogger.m in Sources */,
				5164C77FFD1E458487E2B24A /* DatePicker.m in Sources */,
				FD43E84243264FA7ABE41148 /* CDVDevice.m in Sources */,
				F27874A7DCE845C4AC208C7C /* CDVAccelerometer.m in Sources */,
				4E56281DA21643408223F640 /* APPEmailComposer.m in Sources */,
				0FD29D2397104CF8BB1AE60C /* APPEmailComposerImpl.m in Sources */,
				916CA2BC12E8411D8F948301 /* CDVFile.m in Sources */,
				B3FB6A927E0E4165BAEE8263 /* CDVLocalFilesystem.m in Sources */,
				6EF1E2367D4D4188ACE677C7 /* CDVAssetLibraryFilesystem.m in Sources */,
				0047F0E823CC455CACF9632C /* CDVFileTransfer.m in Sources */,
				D717EF9709204E32828334FE /* CDVLocation.m in Sources */,
				E6066B804A3F49CE809AA5B8 /* CDVSound.m in Sources */,
				48D693B59FE4488B973E7574 /* CDVCapture.m in Sources */,
				5033E3E88DFB44EAB7E8453A /* CDVConnection.m in Sources */,
				51FCC605164147EB980A5B49 /* CDVReachability.m in Sources */,
				08DFED0856C34DE7A119BCC1 /* CDVSplashScreen.m in Sources */,
				C11C6CD575D74C658899108C /* CDVViewController+SplashScreen.m in Sources */,
				FA68028F94C64C7488194DE7 /* Diagnostic.m in Sources */,
				5ED391C7F1E3455992EE3188 /* APPLocalNotification.m in Sources */,
				2029F996CF174F54982B0CE0 /* APPLocalNotificationOptions.m in Sources */,
				5B4668804BA54945BE14B3B1 /* UIApplication+APPLocalNotification.m in Sources */,
				B791506999EA4B1794362D80 /* UILocalNotification+APPLocalNotification.m in Sources */,
				DABF6C3AF5EC4A7798EFA5F8 /* AppVersion.m in Sources */,
			);
			runOnlyForDeploymentPostprocessing = 0;
		};
/* End PBXSourcesBuildPhase section */

/* Begin PBXTargetDependency section */
		301BF551109A68C00062928A /* PBXTargetDependency */ = {
			isa = PBXTargetDependency;
			name = CordovaLib;
			targetProxy = 301BF550109A68C00062928A /* PBXContainerItemProxy */;
		};
/* End PBXTargetDependency section */

/* Begin XCBuildConfiguration section */
		1D6058940D05DD3E006BFB54 /* Debug */ = {
			isa = XCBuildConfiguration;
			baseConfigurationReference = 3047A50F1AB8059700498E2A /* build-debug.xcconfig */;
			buildSettings = {
				ALWAYS_SEARCH_USER_PATHS = NO;
				ASSETCATALOG_COMPILER_APPICON_NAME = AppIcon;
				ASSETCATALOG_COMPILER_LAUNCHIMAGE_NAME = LaunchImage;
				CLANG_ENABLE_MODULES = YES;
				CLANG_ENABLE_OBJC_ARC = YES;
				CODE_SIGN_IDENTITY = "iPhone Distribution";
				"CODE_SIGN_IDENTITY[sdk=iphoneos*]" = "iPhone Distribution";
				COPY_PHASE_STRIP = NO;
				GCC_DYNAMIC_NO_PIC = NO;
				GCC_OPTIMIZATION_LEVEL = 0;
				GCC_PRECOMPILE_PREFIX_HEADER = YES;
				GCC_PREFIX_HEADER = "VoiceUp/VoiceUp-Prefix.pch";
				GCC_THUMB_SUPPORT = NO;
				GCC_VERSION = "";
				INFOPLIST_FILE = "VoiceUp/VoiceUp-Info.plist";
				IPHONEOS_DEPLOYMENT_TARGET = 8.0;
				LD_RUNPATH_SEARCH_PATHS = "@executable_path/Frameworks";
				PRODUCT_BUNDLE_IDENTIFIER = com.mit.btc.voiceup;
				PRODUCT_NAME = VoiceUp;
				PROVISIONING_PROFILE = "";
				TARGETED_DEVICE_FAMILY = 1;
			};
			name = Debug;
		};
		1D6058950D05DD3E006BFB54 /* Release */ = {
			isa = XCBuildConfiguration;
			baseConfigurationReference = 3047A5101AB8059700498E2A /* build-release.xcconfig */;
			buildSettings = {
				ALWAYS_SEARCH_USER_PATHS = NO;
				ASSETCATALOG_COMPILER_APPICON_NAME = AppIcon;
				ASSETCATALOG_COMPILER_LAUNCHIMAGE_NAME = LaunchImage;
				CLANG_ENABLE_MODULES = YES;
				CLANG_ENABLE_OBJC_ARC = YES;
				CODE_SIGN_IDENTITY = "iPhone Distribution";
				"CODE_SIGN_IDENTITY[sdk=iphoneos*]" = "iPhone Distribution";
				COPY_PHASE_STRIP = YES;
				GCC_PRECOMPILE_PREFIX_HEADER = YES;
				GCC_PREFIX_HEADER = "VoiceUp/VoiceUp-Prefix.pch";
				GCC_THUMB_SUPPORT = NO;
				GCC_VERSION = "";
				INFOPLIST_FILE = "VoiceUp/VoiceUp-Info.plist";
				IPHONEOS_DEPLOYMENT_TARGET = 8.0;
				PRODUCT_BUNDLE_IDENTIFIER = com.mit.btc.voiceup;
				PRODUCT_NAME = VoiceUp;
				PROVISIONING_PROFILE = "";
				TARGETED_DEVICE_FAMILY = 1;
			};
			name = Release;
		};
		C01FCF4F08A954540054247B /* Debug */ = {
			isa = XCBuildConfiguration;
			baseConfigurationReference = 3047A5111AB8059700498E2A /* build.xcconfig */;
			buildSettings = {
				CLANG_ENABLE_MODULES = YES;
				CLANG_ENABLE_OBJC_ARC = YES;
				CLANG_WARN_BOOL_CONVERSION = YES;
				CLANG_WARN_CONSTANT_CONVERSION = YES;
				CLANG_WARN_EMPTY_BODY = YES;
				CLANG_WARN_ENUM_CONVERSION = YES;
				CLANG_WARN_INT_CONVERSION = YES;
				CLANG_WARN__DUPLICATE_METHOD_MATCH = YES;
				ENABLE_TESTABILITY = YES;
				GCC_C_LANGUAGE_STANDARD = c99;
				GCC_THUMB_SUPPORT = NO;
				GCC_VERSION = "";
				GCC_WARN_ABOUT_RETURN_TYPE = YES;
				GCC_WARN_UNDECLARED_SELECTOR = YES;
				GCC_WARN_UNINITIALIZED_AUTOS = YES;
				GCC_WARN_UNUSED_FUNCTION = YES;
				GCC_WARN_UNUSED_VARIABLE = YES;
				ONLY_ACTIVE_ARCH = YES;
				SDKROOT = iphoneos;
				SKIP_INSTALL = NO;
			};
			name = Debug;
		};
		C01FCF5008A954540054247B /* Release */ = {
			isa = XCBuildConfiguration;
			baseConfigurationReference = 3047A5111AB8059700498E2A /* build.xcconfig */;
			buildSettings = {
				CLANG_ENABLE_MODULES = YES;
				CLANG_ENABLE_OBJC_ARC = YES;
				CLANG_WARN_BOOL_CONVERSION = YES;
				CLANG_WARN_CONSTANT_CONVERSION = YES;
				CLANG_WARN_EMPTY_BODY = YES;
				CLANG_WARN_ENUM_CONVERSION = YES;
				CLANG_WARN_INT_CONVERSION = YES;
				CLANG_WARN__DUPLICATE_METHOD_MATCH = YES;
				GCC_C_LANGUAGE_STANDARD = c99;
				GCC_THUMB_SUPPORT = NO;
				GCC_VERSION = "";
				GCC_WARN_ABOUT_RETURN_TYPE = YES;
				GCC_WARN_UNDECLARED_SELECTOR = YES;
				GCC_WARN_UNINITIALIZED_AUTOS = YES;
				GCC_WARN_UNUSED_FUNCTION = YES;
				GCC_WARN_UNUSED_VARIABLE = YES;
				SDKROOT = iphoneos;
				SKIP_INSTALL = NO;
			};
			name = Release;
		};
/* End XCBuildConfiguration section */

/* Begin XCConfigurationList section */
		1D6058960D05DD3E006BFB54 /* Build configuration list for PBXNativeTarget "VoiceUp" */ = {
			isa = XCConfigurationList;
			buildConfigurations = (
				1D6058940D05DD3E006BFB54 /* Debug */,
				1D6058950D05DD3E006BFB54 /* Release */,
			);
			defaultConfigurationIsVisible = 0;
			defaultConfigurationName = Release;
		};
		C01FCF4E08A954540054247B /* Build configuration list for PBXProject "VoiceUp" */ = {
			isa = XCConfigurationList;
			buildConfigurations = (
				C01FCF4F08A954540054247B /* Debug */,
				C01FCF5008A954540054247B /* Release */,
			);
			defaultConfigurationIsVisible = 0;
			defaultConfigurationName = Release;
		};
/* End XCConfigurationList section */
	};
	rootObject = 29B97313FDCFA39411CA2CEA /* Project object */;
}
